// !$*UTF8*$!
{
	archiveVersion = 1;
	classes = {
	};
	objectVersion = 52;
	objects = {

/* Begin PBXBuildFile section */
		031BB056256C02950048F2C6 /* LessonData.json in Resources */ = {isa = PBXBuildFile; fileRef = 031BB055256C02950048F2C6 /* LessonData.json */; };
		031BB062256C09D50048F2C6 /* SubjectData.json in Resources */ = {isa = PBXBuildFile; fileRef = 031BB061256C09D50048F2C6 /* SubjectData.json */; };
		032833A3256FEF86000ACAC7 /* Identifyinside.jpg in Resources */ = {isa = PBXBuildFile; fileRef = 0328339D256FEF85000ACAC7 /* Identifyinside.jpg */; };
		032833A4256FEF86000ACAC7 /* putmask.jpg in Resources */ = {isa = PBXBuildFile; fileRef = 0328339E256FEF85000ACAC7 /* putmask.jpg */; };
		032833A5256FEF86000ACAC7 /* washhand.jpg in Resources */ = {isa = PBXBuildFile; fileRef = 0328339F256FEF86000ACAC7 /* washhand.jpg */; };
		032833A6256FEF86000ACAC7 /* rightmask.jpg in Resources */ = {isa = PBXBuildFile; fileRef = 032833A0256FEF86000ACAC7 /* rightmask.jpg */; };
		032833A7256FEF86000ACAC7 /* donttouch.jpg in Resources */ = {isa = PBXBuildFile; fileRef = 032833A1256FEF86000ACAC7 /* donttouch.jpg */; };
		032833A8256FEF86000ACAC7 /* metalstrip.jpg in Resources */ = {isa = PBXBuildFile; fileRef = 032833A2256FEF86000ACAC7 /* metalstrip.jpg */; };
		032833AC256FF033000ACAC7 /* checkmask.jpg in Resources */ = {isa = PBXBuildFile; fileRef = 032833AB256FF033000ACAC7 /* checkmask.jpg */; };
		032833B3256FF335000ACAC7 /* HowSurgicalMasksareMade.jpg in Resources */ = {isa = PBXBuildFile; fileRef = 032833AF256FF334000ACAC7 /* HowSurgicalMasksareMade.jpg */; };
		032833B4256FF335000ACAC7 /* non-woven-fabrics.jpg in Resources */ = {isa = PBXBuildFile; fileRef = 032833B0256FF334000ACAC7 /* non-woven-fabrics.jpg */; };
		032833BA256FF5F2000ACAC7 /* types.png in Resources */ = {isa = PBXBuildFile; fileRef = 032833B9256FF5F2000ACAC7 /* types.png */; };
		0336AC82256A50B500951BF9 /* AppDelegate.swift in Sources */ = {isa = PBXBuildFile; fileRef = 0336AC81256A50B500951BF9 /* AppDelegate.swift */; };
		0336AC84256A50B500951BF9 /* ARViewController.swift in Sources */ = {isa = PBXBuildFile; fileRef = 0336AC83256A50B500951BF9 /* ARViewController.swift */; };
		0336AC86256A50B500951BF9 /* Experience.rcproject in Sources */ = {isa = PBXBuildFile; fileRef = 0336AC85256A50B500951BF9 /* Experience.rcproject */; };
		0336AC89256A50B500951BF9 /* Main.storyboard in Resources */ = {isa = PBXBuildFile; fileRef = 0336AC87256A50B500951BF9 /* Main.storyboard */; };
		0336AC8B256A50B800951BF9 /* Assets.xcassets in Resources */ = {isa = PBXBuildFile; fileRef = 0336AC8A256A50B800951BF9 /* Assets.xcassets */; };
		0336AC8E256A50B800951BF9 /* LaunchScreen.storyboard in Resources */ = {isa = PBXBuildFile; fileRef = 0336AC8C256A50B800951BF9 /* LaunchScreen.storyboard */; };
		0336AC9A256A5E0300951BF9 /* MainViewController.swift in Sources */ = {isa = PBXBuildFile; fileRef = 0336AC99256A5E0300951BF9 /* MainViewController.swift */; };
		033A0ACF2572AF89001CD0EA /* Lesson1002.swift in Sources */ = {isa = PBXBuildFile; fileRef = 033A0ACE2572AF89001CD0EA /* Lesson1002.swift */; };
		033A0AD32572B0D8001CD0EA /* Lesson1001.swift in Sources */ = {isa = PBXBuildFile; fileRef = 033A0AD22572B0D8001CD0EA /* Lesson1001.swift */; };
		0345576A2572343B0057539B /* Lesson1000.swift in Sources */ = {isa = PBXBuildFile; fileRef = 034557692572343B0057539B /* Lesson1000.swift */; };
		0345576D257234F90057539B /* ARNYthing.swift in Sources */ = {isa = PBXBuildFile; fileRef = 0345576C257234F90057539B /* ARNYthing.swift */; };
		0365F04F2573EFF10024ECB9 /* Lesson1003.swift in Sources */ = {isa = PBXBuildFile; fileRef = 0365F04E2573EFF10024ECB9 /* Lesson1003.swift */; };
		0365F0552574D8D90024ECB9 /* Lesson1004.swift in Sources */ = {isa = PBXBuildFile; fileRef = 0365F0542574D8D90024ECB9 /* Lesson1004.swift */; };
		036EB61B2570D2A800E12C8E /* battery.png in Resources */ = {isa = PBXBuildFile; fileRef = 036EB6112570D2A700E12C8E /* battery.png */; };
		036EB61C2570D2A800E12C8E /* dog.jpg in Resources */ = {isa = PBXBuildFile; fileRef = 036EB6122570D2A700E12C8E /* dog.jpg */; };
		036EB61D2570D2A800E12C8E /* blue.jpg in Resources */ = {isa = PBXBuildFile; fileRef = 036EB6132570D2A700E12C8E /* blue.jpg */; };
		036EB61E2570D2A800E12C8E /* Computational.jpg in Resources */ = {isa = PBXBuildFile; fileRef = 036EB6142570D2A800E12C8E /* Computational.jpg */; };
		036EB61F2570D2A800E12C8E /* apple.png in Resources */ = {isa = PBXBuildFile; fileRef = 036EB6152570D2A800E12C8E /* apple.png */; };
		036EB6202570D2A800E12C8E /* Photography.jpg in Resources */ = {isa = PBXBuildFile; fileRef = 036EB6162570D2A800E12C8E /* Photography.jpg */; };
		036EB6212570D2A800E12C8E /* dream.jpg in Resources */ = {isa = PBXBuildFile; fileRef = 036EB6172570D2A800E12C8E /* dream.jpg */; };
		036EB6222570D2A800E12C8E /* engine2.jpg in Resources */ = {isa = PBXBuildFile; fileRef = 036EB6182570D2A800E12C8E /* engine2.jpg */; };
		036EB6232570D2A800E12C8E /* lock.jpg in Resources */ = {isa = PBXBuildFile; fileRef = 036EB6192570D2A800E12C8E /* lock.jpg */; };
		036EB6242570D2A800E12C8E /* bomb.png in Resources */ = {isa = PBXBuildFile; fileRef = 036EB61A2570D2A800E12C8E /* bomb.png */; };
		036EB6372570D32600E12C8E /* rate.png in Resources */ = {isa = PBXBuildFile; fileRef = 036EB6362570D32600E12C8E /* rate.png */; };
		036EB63F2570D42400E12C8E /* engine3.jpg in Resources */ = {isa = PBXBuildFile; fileRef = 036EB63E2570D42400E12C8E /* engine3.jpg */; };
		036EB64B2570D73D00E12C8E /* engine5.jpg in Resources */ = {isa = PBXBuildFile; fileRef = 036EB64A2570D73D00E12C8E /* engine5.jpg */; };
		036EB651257103A700E12C8E /* StikyNoteEntity.swift in Sources */ = {isa = PBXBuildFile; fileRef = 036EB650257103A700E12C8E /* StikyNoteEntity.swift */; };
		036EB6552571041500E12C8E /* ScreenSpaceComponent.swift in Sources */ = {isa = PBXBuildFile; fileRef = 036EB6542571041500E12C8E /* ScreenSpaceComponent.swift */; };
		036EB6582571044000E12C8E /* StickyNoteView.swift in Sources */ = {isa = PBXBuildFile; fileRef = 036EB6572571044000E12C8E /* StickyNoteView.swift */; };
		036EB65D2571062800E12C8E /* ARViewController+Gestures.swift in Sources */ = {isa = PBXBuildFile; fileRef = 036EB65C2571062800E12C8E /* ARViewController+Gestures.swift */; };
		036EB661257106C400E12C8E /* GradientView.swift in Sources */ = {isa = PBXBuildFile; fileRef = 036EB660257106C400E12C8E /* GradientView.swift */; };
		036EB6642571073800E12C8E /* UIView+Helpers.swift in Sources */ = {isa = PBXBuildFile; fileRef = 036EB6632571073800E12C8E /* UIView+Helpers.swift */; };
		036EB67425710AAD00E12C8E /* ARViewController+OverlayUI.swift in Sources */ = {isa = PBXBuildFile; fileRef = 036EB67325710AAD00E12C8E /* ARViewController+OverlayUI.swift */; };
		0385AE3B256BD68000B16056 /* LessonViewController.swift in Sources */ = {isa = PBXBuildFile; fileRef = 0385AE3A256BD68000B16056 /* LessonViewController.swift */; };
		0385AE3E256BEEA800B16056 /* BasicViewController.swift in Sources */ = {isa = PBXBuildFile; fileRef = 0385AE3D256BEEA800B16056 /* BasicViewController.swift */; };
		0385AE41256BF93000B16056 /* ARViewController+ARCoachingOverlayDelegate.swift in Sources */ = {isa = PBXBuildFile; fileRef = 0385AE40256BF93000B16056 /* ARViewController+ARCoachingOverlayDelegate.swift */; };
		039A7618256B86AD0033E5A7 /* TypePageViewContorller.swift in Sources */ = {isa = PBXBuildFile; fileRef = 039A7617256B86AD0033E5A7 /* TypePageViewContorller.swift */; };
		039A761B256B89A50033E5A7 /* SketchShadow.swift in Sources */ = {isa = PBXBuildFile; fileRef = 039A761A256B89A50033E5A7 /* SketchShadow.swift */; };
		039A7623256B9E5F0033E5A7 /* SubjectViewController.swift in Sources */ = {isa = PBXBuildFile; fileRef = 039A7622256B9E5F0033E5A7 /* SubjectViewController.swift */; };
		039D2805257A42E100425709 /* 1001T.jpg in Resources */ = {isa = PBXBuildFile; fileRef = 039D2804257A42E100425709 /* 1001T.jpg */; };
		039D2809257A99A200425709 /* 2003.jpg in Resources */ = {isa = PBXBuildFile; fileRef = 039D2808257A99A200425709 /* 2003.jpg */; };
		039D280C257A9A9500425709 /* 2004.png in Resources */ = {isa = PBXBuildFile; fileRef = 039D280B257A9A9500425709 /* 2004.png */; };
		039D280F257A9ACD00425709 /* 2005.jpeg in Resources */ = {isa = PBXBuildFile; fileRef = 039D280E257A9ACD00425709 /* 2005.jpeg */; };
		039D2818257AA0E700425709 /* 2010.jpg in Resources */ = {isa = PBXBuildFile; fileRef = 039D2817257AA0E700425709 /* 2010.jpg */; };
		039D281B257AA30400425709 /* 2001.jpeg in Resources */ = {isa = PBXBuildFile; fileRef = 039D281A257AA30400425709 /* 2001.jpeg */; };
		039D2821257AABBA00425709 /* mentals.png in Resources */ = {isa = PBXBuildFile; fileRef = 039D2820257AABBA00425709 /* mentals.png */; };
		039D2825257AAC1600425709 /* wrong.jpg in Resources */ = {isa = PBXBuildFile; fileRef = 039D2824257AAC1500425709 /* wrong.jpg */; };
		039D2829257AB29E00425709 /* 2009.png in Resources */ = {isa = PBXBuildFile; fileRef = 039D2828257AB29D00425709 /* 2009.png */; };
		039D282E257AB71600425709 /* Experience2.rcproject in Sources */ = {isa = PBXBuildFile; fileRef = 039D282D257AB71600425709 /* Experience2.rcproject */; };
		039D2834257AD9A500425709 /* surgicalmask.jpg in Resources */ = {isa = PBXBuildFile; fileRef = 039D2830257AD9A300425709 /* surgicalmask.jpg */; };
		039D2835257AD9A500425709 /* vs.jpg in Resources */ = {isa = PBXBuildFile; fileRef = 039D2831257AD9A300425709 /* vs.jpg */; };
		039D2836257AD9A500425709 /* cloth.jpg in Resources */ = {isa = PBXBuildFile; fileRef = 039D2832257AD9A400425709 /* cloth.jpg */; };
		039D2837257AD9A500425709 /* n95.jpg in Resources */ = {isa = PBXBuildFile; fileRef = 039D2833257AD9A400425709 /* n95.jpg */; };
		039D283D257AD9F500425709 /* 2-2006.jpg in Resources */ = {isa = PBXBuildFile; fileRef = 039D2839257AD9F300425709 /* 2-2006.jpg */; };
		039D283E257AD9F500425709 /* 2-2008.jpg in Resources */ = {isa = PBXBuildFile; fileRef = 039D283A257AD9F400425709 /* 2-2008.jpg */; };
		039D283F257AD9F500425709 /* 2-2005.jpg in Resources */ = {isa = PBXBuildFile; fileRef = 039D283B257AD9F400425709 /* 2-2005.jpg */; };
		039D2840257AD9F500425709 /* 2-2007.jpg in Resources */ = {isa = PBXBuildFile; fileRef = 039D283C257AD9F500425709 /* 2-2007.jpg */; };
		039D2843257AF1E600425709 /* 1000T.jpg in Resources */ = {isa = PBXBuildFile; fileRef = 039D2842257AF1E600425709 /* 1000T.jpg */; };
		03B2AFE8257FC0FB002D49BE /* MultipeerHelper in Frameworks */ = {isa = PBXBuildFile; productRef = 03B2AFE7257FC0FB002D49BE /* MultipeerHelper */; };
		03C73D682574DAF700C511C1 /* VirusSimulation.swift in Sources */ = {isa = PBXBuildFile; fileRef = 03C73D672574DAF700C511C1 /* VirusSimulation.swift */; };
		03D27E24257CC6FA006EBAEB /* Experience8.rcproject in Sources */ = {isa = PBXBuildFile; fileRef = 03D27E23257CC6F9006EBAEB /* Experience8.rcproject */; };
		03D27E27257CD040006EBAEB /* Experience1.rcproject in Sources */ = {isa = PBXBuildFile; fileRef = 03D27E26257CD040006EBAEB /* Experience1.rcproject */; };
		03D27E2A257CD1BC006EBAEB /* ARNY.rcproject in Sources */ = {isa = PBXBuildFile; fileRef = 03D27E29257CD1BC006EBAEB /* ARNY.rcproject */; };
		03D3560C256A80D3006BD6A7 /* DiscoverViewController.swift in Sources */ = {isa = PBXBuildFile; fileRef = 03D3560B256A80D3006BD6A7 /* DiscoverViewController.swift */; };
		03D35616256AB024006BD6A7 /* Data.swift in Sources */ = {isa = PBXBuildFile; fileRef = 03D35615256AB024006BD6A7 /* Data.swift */; };
		03D3563E256AB33A006BD6A7 /* UserData.swift in Sources */ = {isa = PBXBuildFile; fileRef = 03D3563D256AB33A006BD6A7 /* UserData.swift */; };
		03D35644256AB415006BD6A7 /* Subject.swift in Sources */ = {isa = PBXBuildFile; fileRef = 03D35643256AB415006BD6A7 /* Subject.swift */; };
		03D3564A256AB8D7006BD6A7 /* Lesson.swift in Sources */ = {isa = PBXBuildFile; fileRef = 03D35649256AB8D7006BD6A7 /* Lesson.swift */; };
		03E54ABA257AFA570065D950 /* InfoViewController.swift in Sources */ = {isa = PBXBuildFile; fileRef = 03E54AB9257AFA570065D950 /* InfoViewController.swift */; };
		03E54ABD257B99760065D950 /* 1002T.jpg in Resources */ = {isa = PBXBuildFile; fileRef = 03E54ABC257B99760065D950 /* 1002T.jpg */; };
		03E54AC6257BE1430065D950 /* ARNY.png in Resources */ = {isa = PBXBuildFile; fileRef = 03E54AC5257BE1430065D950 /* ARNY.png */; };
		03EA709B257929460017B176 /* 2008.png in Resources */ = {isa = PBXBuildFile; fileRef = 03EA7097257929450017B176 /* 2008.png */; };
		03EA709C257929460017B176 /* 2007.jpg in Resources */ = {isa = PBXBuildFile; fileRef = 03EA7098257929450017B176 /* 2007.jpg */; };
		03EA709D257929460017B176 /* 2006.jpg in Resources */ = {isa = PBXBuildFile; fileRef = 03EA7099257929460017B176 /* 2006.jpg */; };
/* End PBXBuildFile section */

/* Begin PBXFileReference section */
		031BB055256C02950048F2C6 /* LessonData.json */ = {isa = PBXFileReference; fileEncoding = 4; lastKnownFileType = text.json; path = LessonData.json; sourceTree = "<group>"; };
		031BB061256C09D50048F2C6 /* SubjectData.json */ = {isa = PBXFileReference; fileEncoding = 4; lastKnownFileType = text.json; path = SubjectData.json; sourceTree = "<group>"; };
		0328339D256FEF85000ACAC7 /* Identifyinside.jpg */ = {isa = PBXFileReference; lastKnownFileType = image.jpeg; path = Identifyinside.jpg; sourceTree = "<group>"; };
		0328339E256FEF85000ACAC7 /* putmask.jpg */ = {isa = PBXFileReference; lastKnownFileType = image.jpeg; path = putmask.jpg; sourceTree = "<group>"; };
		0328339F256FEF86000ACAC7 /* washhand.jpg */ = {isa = PBXFileReference; lastKnownFileType = image.jpeg; path = washhand.jpg; sourceTree = "<group>"; };
		032833A0256FEF86000ACAC7 /* rightmask.jpg */ = {isa = PBXFileReference; lastKnownFileType = image.jpeg; path = rightmask.jpg; sourceTree = "<group>"; };
		032833A1256FEF86000ACAC7 /* donttouch.jpg */ = {isa = PBXFileReference; lastKnownFileType = image.jpeg; path = donttouch.jpg; sourceTree = "<group>"; };
		032833A2256FEF86000ACAC7 /* metalstrip.jpg */ = {isa = PBXFileReference; lastKnownFileType = image.jpeg; path = metalstrip.jpg; sourceTree = "<group>"; };
		032833AB256FF033000ACAC7 /* checkmask.jpg */ = {isa = PBXFileReference; lastKnownFileType = image.jpeg; path = checkmask.jpg; sourceTree = "<group>"; };
		032833AF256FF334000ACAC7 /* HowSurgicalMasksareMade.jpg */ = {isa = PBXFileReference; lastKnownFileType = image.jpeg; path = HowSurgicalMasksareMade.jpg; sourceTree = "<group>"; };
		032833B0256FF334000ACAC7 /* non-woven-fabrics.jpg */ = {isa = PBXFileReference; lastKnownFileType = image.jpeg; path = "non-woven-fabrics.jpg"; sourceTree = "<group>"; };
		032833B9256FF5F2000ACAC7 /* types.png */ = {isa = PBXFileReference; lastKnownFileType = image.png; path = types.png; sourceTree = "<group>"; };
		0336AC7E256A50B500951BF9 /* ARNY.app */ = {isa = PBXFileReference; explicitFileType = wrapper.application; includeInIndex = 0; path = ARNY.app; sourceTree = BUILT_PRODUCTS_DIR; };
		0336AC81256A50B500951BF9 /* AppDelegate.swift */ = {isa = PBXFileReference; lastKnownFileType = sourcecode.swift; path = AppDelegate.swift; sourceTree = "<group>"; };
		0336AC83256A50B500951BF9 /* ARViewController.swift */ = {isa = PBXFileReference; lastKnownFileType = sourcecode.swift; path = ARViewController.swift; sourceTree = "<group>"; };
		0336AC85256A50B500951BF9 /* Experience.rcproject */ = {isa = PBXFileReference; lastKnownFileType = file.rcproject; path = Experience.rcproject; sourceTree = "<group>"; };
		0336AC88256A50B500951BF9 /* Base */ = {isa = PBXFileReference; lastKnownFileType = file.storyboard; name = Base; path = Base.lproj/Main.storyboard; sourceTree = "<group>"; };
		0336AC8A256A50B800951BF9 /* Assets.xcassets */ = {isa = PBXFileReference; lastKnownFileType = folder.assetcatalog; path = Assets.xcassets; sourceTree = "<group>"; };
		0336AC8D256A50B800951BF9 /* Base */ = {isa = PBXFileReference; lastKnownFileType = file.storyboard; name = Base; path = Base.lproj/LaunchScreen.storyboard; sourceTree = "<group>"; };
		0336AC8F256A50B800951BF9 /* Info.plist */ = {isa = PBXFileReference; lastKnownFileType = text.plist.xml; path = Info.plist; sourceTree = "<group>"; };
		0336AC99256A5E0300951BF9 /* MainViewController.swift */ = {isa = PBXFileReference; lastKnownFileType = sourcecode.swift; path = MainViewController.swift; sourceTree = "<group>"; };
		033A0ACE2572AF89001CD0EA /* Lesson1002.swift */ = {isa = PBXFileReference; lastKnownFileType = sourcecode.swift; path = Lesson1002.swift; sourceTree = "<group>"; };
		033A0AD22572B0D8001CD0EA /* Lesson1001.swift */ = {isa = PBXFileReference; lastKnownFileType = sourcecode.swift; path = Lesson1001.swift; sourceTree = "<group>"; };
		034557692572343B0057539B /* Lesson1000.swift */ = {isa = PBXFileReference; lastKnownFileType = sourcecode.swift; path = Lesson1000.swift; sourceTree = "<group>"; };
		0345576C257234F90057539B /* ARNYthing.swift */ = {isa = PBXFileReference; lastKnownFileType = sourcecode.swift; path = ARNYthing.swift; sourceTree = "<group>"; };
		0365F04E2573EFF10024ECB9 /* Lesson1003.swift */ = {isa = PBXFileReference; lastKnownFileType = sourcecode.swift; path = Lesson1003.swift; sourceTree = "<group>"; };
		0365F0542574D8D90024ECB9 /* Lesson1004.swift */ = {isa = PBXFileReference; lastKnownFileType = sourcecode.swift; path = Lesson1004.swift; sourceTree = "<group>"; };
		036EB6112570D2A700E12C8E /* battery.png */ = {isa = PBXFileReference; lastKnownFileType = image.png; path = battery.png; sourceTree = "<group>"; };
		036EB6122570D2A700E12C8E /* dog.jpg */ = {isa = PBXFileReference; lastKnownFileType = image.jpeg; path = dog.jpg; sourceTree = "<group>"; };
		036EB6132570D2A700E12C8E /* blue.jpg */ = {isa = PBXFileReference; lastKnownFileType = image.jpeg; path = blue.jpg; sourceTree = "<group>"; };
		036EB6142570D2A800E12C8E /* Computational.jpg */ = {isa = PBXFileReference; lastKnownFileType = image.jpeg; path = Computational.jpg; sourceTree = "<group>"; };
		036EB6152570D2A800E12C8E /* apple.png */ = {isa = PBXFileReference; lastKnownFileType = image.png; path = apple.png; sourceTree = "<group>"; };
		036EB6162570D2A800E12C8E /* Photography.jpg */ = {isa = PBXFileReference; lastKnownFileType = image.jpeg; path = Photography.jpg; sourceTree = "<group>"; };
		036EB6172570D2A800E12C8E /* dream.jpg */ = {isa = PBXFileReference; lastKnownFileType = image.jpeg; path = dream.jpg; sourceTree = "<group>"; };
		036EB6182570D2A800E12C8E /* engine2.jpg */ = {isa = PBXFileReference; lastKnownFileType = image.jpeg; path = engine2.jpg; sourceTree = "<group>"; };
		036EB6192570D2A800E12C8E /* lock.jpg */ = {isa = PBXFileReference; lastKnownFileType = image.jpeg; path = lock.jpg; sourceTree = "<group>"; };
		036EB61A2570D2A800E12C8E /* bomb.png */ = {isa = PBXFileReference; lastKnownFileType = image.png; path = bomb.png; sourceTree = "<group>"; };
		036EB6362570D32600E12C8E /* rate.png */ = {isa = PBXFileReference; lastKnownFileType = image.png; path = rate.png; sourceTree = "<group>"; };
		036EB63E2570D42400E12C8E /* engine3.jpg */ = {isa = PBXFileReference; lastKnownFileType = image.jpeg; path = engine3.jpg; sourceTree = "<group>"; };
		036EB64A2570D73D00E12C8E /* engine5.jpg */ = {isa = PBXFileReference; lastKnownFileType = image.jpeg; path = engine5.jpg; sourceTree = "<group>"; };
		036EB650257103A700E12C8E /* StikyNoteEntity.swift */ = {isa = PBXFileReference; lastKnownFileType = sourcecode.swift; path = StikyNoteEntity.swift; sourceTree = "<group>"; };
		036EB6542571041500E12C8E /* ScreenSpaceComponent.swift */ = {isa = PBXFileReference; lastKnownFileType = sourcecode.swift; path = ScreenSpaceComponent.swift; sourceTree = "<group>"; };
		036EB6572571044000E12C8E /* StickyNoteView.swift */ = {isa = PBXFileReference; lastKnownFileType = sourcecode.swift; path = StickyNoteView.swift; sourceTree = "<group>"; };
		036EB65C2571062800E12C8E /* ARViewController+Gestures.swift */ = {isa = PBXFileReference; lastKnownFileType = sourcecode.swift; path = "ARViewController+Gestures.swift"; sourceTree = "<group>"; };
		036EB660257106C400E12C8E /* GradientView.swift */ = {isa = PBXFileReference; lastKnownFileType = sourcecode.swift; path = GradientView.swift; sourceTree = "<group>"; };
		036EB6632571073800E12C8E /* UIView+Helpers.swift */ = {isa = PBXFileReference; lastKnownFileType = sourcecode.swift; path = "UIView+Helpers.swift"; sourceTree = "<group>"; };
		036EB67325710AAD00E12C8E /* ARViewController+OverlayUI.swift */ = {isa = PBXFileReference; lastKnownFileType = sourcecode.swift; path = "ARViewController+OverlayUI.swift"; sourceTree = "<group>"; };
		0385AE3A256BD68000B16056 /* LessonViewController.swift */ = {isa = PBXFileReference; lastKnownFileType = sourcecode.swift; path = LessonViewController.swift; sourceTree = "<group>"; };
		0385AE3D256BEEA800B16056 /* BasicViewController.swift */ = {isa = PBXFileReference; lastKnownFileType = sourcecode.swift; path = BasicViewController.swift; sourceTree = "<group>"; };
		0385AE40256BF93000B16056 /* ARViewController+ARCoachingOverlayDelegate.swift */ = {isa = PBXFileReference; lastKnownFileType = sourcecode.swift; path = "ARViewController+ARCoachingOverlayDelegate.swift"; sourceTree = "<group>"; };
		039A7617256B86AD0033E5A7 /* TypePageViewContorller.swift */ = {isa = PBXFileReference; lastKnownFileType = sourcecode.swift; path = TypePageViewContorller.swift; sourceTree = "<group>"; };
		039A761A256B89A50033E5A7 /* SketchShadow.swift */ = {isa = PBXFileReference; lastKnownFileType = sourcecode.swift; path = SketchShadow.swift; sourceTree = "<group>"; };
		039A7622256B9E5F0033E5A7 /* SubjectViewController.swift */ = {isa = PBXFileReference; lastKnownFileType = sourcecode.swift; path = SubjectViewController.swift; sourceTree = "<group>"; };
		039D2804257A42E100425709 /* 1001T.jpg */ = {isa = PBXFileReference; lastKnownFileType = image.jpeg; path = 1001T.jpg; sourceTree = "<group>"; };
		039D2808257A99A200425709 /* 2003.jpg */ = {isa = PBXFileReference; lastKnownFileType = image.jpeg; path = 2003.jpg; sourceTree = "<group>"; };
		039D280B257A9A9500425709 /* 2004.png */ = {isa = PBXFileReference; lastKnownFileType = image.png; path = 2004.png; sourceTree = "<group>"; };
		039D280E257A9ACD00425709 /* 2005.jpeg */ = {isa = PBXFileReference; lastKnownFileType = image.jpeg; path = 2005.jpeg; sourceTree = "<group>"; };
		039D2817257AA0E700425709 /* 2010.jpg */ = {isa = PBXFileReference; lastKnownFileType = image.jpeg; path = 2010.jpg; sourceTree = "<group>"; };
		039D281A257AA30400425709 /* 2001.jpeg */ = {isa = PBXFileReference; lastKnownFileType = image.jpeg; path = 2001.jpeg; sourceTree = "<group>"; };
		039D2820257AABBA00425709 /* mentals.png */ = {isa = PBXFileReference; lastKnownFileType = image.png; path = mentals.png; sourceTree = "<group>"; };
		039D2824257AAC1500425709 /* wrong.jpg */ = {isa = PBXFileReference; lastKnownFileType = image.jpeg; path = wrong.jpg; sourceTree = "<group>"; };
		039D2827257AB1F500425709 /* IMG_7672.HEIC */ = {isa = PBXFileReference; lastKnownFileType = file; path = IMG_7672.HEIC; sourceTree = "<group>"; };
		039D2828257AB29D00425709 /* 2009.png */ = {isa = PBXFileReference; lastKnownFileType = image.png; path = 2009.png; sourceTree = "<group>"; };
		039D282D257AB71600425709 /* Experience2.rcproject */ = {isa = PBXFileReference; lastKnownFileType = file.rcproject; path = Experience2.rcproject; sourceTree = "<group>"; };
		039D2830257AD9A300425709 /* surgicalmask.jpg */ = {isa = PBXFileReference; lastKnownFileType = image.jpeg; path = surgicalmask.jpg; sourceTree = "<group>"; };
		039D2831257AD9A300425709 /* vs.jpg */ = {isa = PBXFileReference; lastKnownFileType = image.jpeg; path = vs.jpg; sourceTree = "<group>"; };
		039D2832257AD9A400425709 /* cloth.jpg */ = {isa = PBXFileReference; lastKnownFileType = image.jpeg; path = cloth.jpg; sourceTree = "<group>"; };
		039D2833257AD9A400425709 /* n95.jpg */ = {isa = PBXFileReference; lastKnownFileType = image.jpeg; path = n95.jpg; sourceTree = "<group>"; };
		039D2839257AD9F300425709 /* 2-2006.jpg */ = {isa = PBXFileReference; lastKnownFileType = image.jpeg; path = "2-2006.jpg"; sourceTree = "<group>"; };
		039D283A257AD9F400425709 /* 2-2008.jpg */ = {isa = PBXFileReference; lastKnownFileType = image.jpeg; path = "2-2008.jpg"; sourceTree = "<group>"; };
		039D283B257AD9F400425709 /* 2-2005.jpg */ = {isa = PBXFileReference; lastKnownFileType = image.jpeg; path = "2-2005.jpg"; sourceTree = "<group>"; };
		039D283C257AD9F500425709 /* 2-2007.jpg */ = {isa = PBXFileReference; lastKnownFileType = image.jpeg; path = "2-2007.jpg"; sourceTree = "<group>"; };
		039D2842257AF1E600425709 /* 1000T.jpg */ = {isa = PBXFileReference; lastKnownFileType = image.jpeg; path = 1000T.jpg; sourceTree = "<group>"; };
		03C73D672574DAF700C511C1 /* VirusSimulation.swift */ = {isa = PBXFileReference; lastKnownFileType = sourcecode.swift; path = VirusSimulation.swift; sourceTree = "<group>"; };
		03D27E23257CC6F9006EBAEB /* Experience8.rcproject */ = {isa = PBXFileReference; lastKnownFileType = file.rcproject; path = Experience8.rcproject; sourceTree = "<group>"; };
		03D27E26257CD040006EBAEB /* Experience1.rcproject */ = {isa = PBXFileReference; lastKnownFileType = file.rcproject; path = Experience1.rcproject; sourceTree = "<group>"; };
		03D27E29257CD1BC006EBAEB /* ARNY.rcproject */ = {isa = PBXFileReference; lastKnownFileType = file.rcproject; path = ARNY.rcproject; sourceTree = "<group>"; };
		03D3560B256A80D3006BD6A7 /* DiscoverViewController.swift */ = {isa = PBXFileReference; lastKnownFileType = sourcecode.swift; path = DiscoverViewController.swift; sourceTree = "<group>"; };
		03D35615256AB024006BD6A7 /* Data.swift */ = {isa = PBXFileReference; lastKnownFileType = sourcecode.swift; path = Data.swift; sourceTree = "<group>"; };
		03D3563D256AB33A006BD6A7 /* UserData.swift */ = {isa = PBXFileReference; lastKnownFileType = sourcecode.swift; path = UserData.swift; sourceTree = "<group>"; };
		03D35643256AB415006BD6A7 /* Subject.swift */ = {isa = PBXFileReference; lastKnownFileType = sourcecode.swift; path = Subject.swift; sourceTree = "<group>"; };
		03D35649256AB8D7006BD6A7 /* Lesson.swift */ = {isa = PBXFileReference; lastKnownFileType = sourcecode.swift; path = Lesson.swift; sourceTree = "<group>"; };
		03E54AB9257AFA570065D950 /* InfoViewController.swift */ = {isa = PBXFileReference; lastKnownFileType = sourcecode.swift; name = InfoViewController.swift; path = ARNY/ViewController/InfoViewController.swift; sourceTree = SOURCE_ROOT; };
		03E54ABC257B99760065D950 /* 1002T.jpg */ = {isa = PBXFileReference; lastKnownFileType = image.jpeg; path = 1002T.jpg; sourceTree = "<group>"; };
		03E54AC5257BE1430065D950 /* ARNY.png */ = {isa = PBXFileReference; lastKnownFileType = image.png; path = ARNY.png; sourceTree = "<group>"; };
		03EA7097257929450017B176 /* 2008.png */ = {isa = PBXFileReference; lastKnownFileType = image.png; path = 2008.png; sourceTree = "<group>"; };
		03EA7098257929450017B176 /* 2007.jpg */ = {isa = PBXFileReference; lastKnownFileType = image.jpeg; path = 2007.jpg; sourceTree = "<group>"; };
		03EA7099257929460017B176 /* 2006.jpg */ = {isa = PBXFileReference; lastKnownFileType = image.jpeg; path = 2006.jpg; sourceTree = "<group>"; };
/* End PBXFileReference section */

/* Begin PBXFrameworksBuildPhase section */
		0336AC7B256A50B500951BF9 /* Frameworks */ = {
			isa = PBXFrameworksBuildPhase;
			buildActionMask = 2147483647;
			files = (
				03B2AFE8257FC0FB002D49BE /* MultipeerHelper in Frameworks */,
			);
			runOnlyForDeploymentPostprocessing = 0;
		};
/* End PBXFrameworksBuildPhase section */

/* Begin PBXGroup section */
		0328339C256FEF7C000ACAC7 /* 1000 */ = {
			isa = PBXGroup;
			children = (
				039D2820257AABBA00425709 /* mentals.png */,
				032833A1256FEF86000ACAC7 /* donttouch.jpg */,
				0328339D256FEF85000ACAC7 /* Identifyinside.jpg */,
				039D2842257AF1E600425709 /* 1000T.jpg */,
				032833AB256FF033000ACAC7 /* checkmask.jpg */,
				039D2827257AB1F500425709 /* IMG_7672.HEIC */,
				032833A2256FEF86000ACAC7 /* metalstrip.jpg */,
				039D2824257AAC1500425709 /* wrong.jpg */,
				0328339E256FEF85000ACAC7 /* putmask.jpg */,
				032833A0256FEF86000ACAC7 /* rightmask.jpg */,
				0328339F256FEF86000ACAC7 /* washhand.jpg */,
			);
			path = 1000;
			sourceTree = "<group>";
		};
		032833AE256FF32A000ACAC7 /* 1001 */ = {
			isa = PBXGroup;
			children = (
				039D2804257A42E100425709 /* 1001T.jpg */,
				032833AF256FF334000ACAC7 /* HowSurgicalMasksareMade.jpg */,
				03EA7099257929460017B176 /* 2006.jpg */,
				03EA7098257929450017B176 /* 2007.jpg */,
				039D280E257A9ACD00425709 /* 2005.jpeg */,
				039D281A257AA30400425709 /* 2001.jpeg */,
				039D280B257A9A9500425709 /* 2004.png */,
				039D2808257A99A200425709 /* 2003.jpg */,
				039D2817257AA0E700425709 /* 2010.jpg */,
				03EA7097257929450017B176 /* 2008.png */,
				039D2828257AB29D00425709 /* 2009.png */,
				032833B0256FF334000ACAC7 /* non-woven-fabrics.jpg */,
			);
			path = 1001;
			sourceTree = "<group>";
		};
		032833B8256FF5E8000ACAC7 /* 1002 */ = {
			isa = PBXGroup;
			children = (
				039D2832257AD9A400425709 /* cloth.jpg */,
				039D2833257AD9A400425709 /* n95.jpg */,
				039D283B257AD9F400425709 /* 2-2005.jpg */,
				039D2839257AD9F300425709 /* 2-2006.jpg */,
				039D283C257AD9F500425709 /* 2-2007.jpg */,
				03E54ABC257B99760065D950 /* 1002T.jpg */,
				039D283A257AD9F400425709 /* 2-2008.jpg */,
				039D2830257AD9A300425709 /* surgicalmask.jpg */,
				039D2831257AD9A300425709 /* vs.jpg */,
				032833B9256FF5F2000ACAC7 /* types.png */,
			);
			path = 1002;
			sourceTree = "<group>";
		};
		0336AC75256A50B500951BF9 = {
			isa = PBXGroup;
			children = (
				0336AC80256A50B500951BF9 /* ARNY */,
				0336AC7F256A50B500951BF9 /* Products */,
			);
			sourceTree = "<group>";
		};
		0336AC7F256A50B500951BF9 /* Products */ = {
			isa = PBXGroup;
			children = (
				0336AC7E256A50B500951BF9 /* ARNY.app */,
			);
			name = Products;
			sourceTree = "<group>";
		};
		0336AC80256A50B500951BF9 /* ARNY */ = {
			isa = PBXGroup;
			children = (
				0336AC81256A50B500951BF9 /* AppDelegate.swift */,
				03D35618256AB045006BD6A7 /* Resources */,
				03D35614256AB00D006BD6A7 /* Models */,
				0336AC9C256A5EDE00951BF9 /* ViewController */,
				0336AC8F256A50B800951BF9 /* Info.plist */,
			);
			path = ARNY;
			sourceTree = "<group>";
		};
		0336AC9C256A5EDE00951BF9 /* ViewController */ = {
			isa = PBXGroup;
			children = (
				036EB64F2571038800E12C8E /* ARView */,
				039A761A256B89A50033E5A7 /* SketchShadow.swift */,
				0336AC99256A5E0300951BF9 /* MainViewController.swift */,
				03D3560B256A80D3006BD6A7 /* DiscoverViewController.swift */,
				039A7617256B86AD0033E5A7 /* TypePageViewContorller.swift */,
				039A7622256B9E5F0033E5A7 /* SubjectViewController.swift */,
				0385AE3A256BD68000B16056 /* LessonViewController.swift */,
				0385AE3D256BEEA800B16056 /* BasicViewController.swift */,
			);
			path = ViewController;
			sourceTree = "<group>";
		};
		0365F0512573F16D0024ECB9 /* StikyNote */ = {
			isa = PBXGroup;
			children = (
				0385AE40256BF93000B16056 /* ARViewController+ARCoachingOverlayDelegate.swift */,
				036EB650257103A700E12C8E /* StikyNoteEntity.swift */,
				036EB6542571041500E12C8E /* ScreenSpaceComponent.swift */,
				036EB6572571044000E12C8E /* StickyNoteView.swift */,
				036EB65C2571062800E12C8E /* ARViewController+Gestures.swift */,
				036EB67325710AAD00E12C8E /* ARViewController+OverlayUI.swift */,
				036EB660257106C400E12C8E /* GradientView.swift */,
				036EB6632571073800E12C8E /* UIView+Helpers.swift */,
			);
			path = StikyNote;
			sourceTree = "<group>";
		};
		036EB5ED2570CFF800E12C8E /* lessonImage */ = {
			isa = PBXGroup;
			children = (
				036EB6152570D2A800E12C8E /* apple.png */,
				036EB63E2570D42400E12C8E /* engine3.jpg */,
				036EB6112570D2A700E12C8E /* battery.png */,
				036EB64A2570D73D00E12C8E /* engine5.jpg */,
				036EB6132570D2A700E12C8E /* blue.jpg */,
				036EB61A2570D2A800E12C8E /* bomb.png */,
				036EB6142570D2A800E12C8E /* Computational.jpg */,
				036EB6122570D2A700E12C8E /* dog.jpg */,
				036EB6172570D2A800E12C8E /* dream.jpg */,
				036EB6182570D2A800E12C8E /* engine2.jpg */,
				036EB6192570D2A800E12C8E /* lock.jpg */,
				036EB6162570D2A800E12C8E /* Photography.jpg */,
			);
			path = lessonImage;
			sourceTree = "<group>";
		};
		036EB64F2571038800E12C8E /* ARView */ = {
			isa = PBXGroup;
			children = (
				0365F0512573F16D0024ECB9 /* StikyNote */,
				0336AC83256A50B500951BF9 /* ARViewController.swift */,
				0345576C257234F90057539B /* ARNYthing.swift */,
				034557692572343B0057539B /* Lesson1000.swift */,
				03C73D672574DAF700C511C1 /* VirusSimulation.swift */,
				033A0AD22572B0D8001CD0EA /* Lesson1001.swift */,
				033A0ACE2572AF89001CD0EA /* Lesson1002.swift */,
				0365F04E2573EFF10024ECB9 /* Lesson1003.swift */,
				0365F0542574D8D90024ECB9 /* Lesson1004.swift */,
				03E54AB9257AFA570065D950 /* InfoViewController.swift */,
			);
			path = ARView;
			sourceTree = "<group>";
		};
		03D35614256AB00D006BD6A7 /* Models */ = {
			isa = PBXGroup;
			children = (
				03D35615256AB024006BD6A7 /* Data.swift */,
				03D3563D256AB33A006BD6A7 /* UserData.swift */,
				03D35643256AB415006BD6A7 /* Subject.swift */,
				03D35649256AB8D7006BD6A7 /* Lesson.swift */,
			);
			path = Models;
			sourceTree = "<group>";
		};
		03D35618256AB045006BD6A7 /* Resources */ = {
			isa = PBXGroup;
			children = (
				0336AC8A256A50B800951BF9 /* Assets.xcassets */,
				03D27E29257CD1BC006EBAEB /* ARNY.rcproject */,
				0336AC85256A50B500951BF9 /* Experience.rcproject */,
				03D27E26257CD040006EBAEB /* Experience1.rcproject */,
				039D282D257AB71600425709 /* Experience2.rcproject */,
				03D27E23257CC6F9006EBAEB /* Experience8.rcproject */,
				0336AC8C256A50B800951BF9 /* LaunchScreen.storyboard */,
				0336AC87256A50B500951BF9 /* Main.storyboard */,
				0328339C256FEF7C000ACAC7 /* 1000 */,
				032833AE256FF32A000ACAC7 /* 1001 */,
				032833B8256FF5E8000ACAC7 /* 1002 */,
				036EB5ED2570CFF800E12C8E /* lessonImage */,
				036EB6362570D32600E12C8E /* rate.png */,
				03E54AC5257BE1430065D950 /* ARNY.png */,
				031BB055256C02950048F2C6 /* LessonData.json */,
				031BB061256C09D50048F2C6 /* SubjectData.json */,
			);
			path = Resources;
			sourceTree = "<group>";
		};
/* End PBXGroup section */

/* Begin PBXNativeTarget section */
		0336AC7D256A50B500951BF9 /* ARNY */ = {
			isa = PBXNativeTarget;
			buildConfigurationList = 0336AC92256A50B800951BF9 /* Build configuration list for PBXNativeTarget "ARNY" */;
			buildPhases = (
				0336AC7A256A50B500951BF9 /* Sources */,
				0336AC7B256A50B500951BF9 /* Frameworks */,
				0336AC7C256A50B500951BF9 /* Resources */,
			);
			buildRules = (
			);
			dependencies = (
			);
			name = ARNY;
			packageProductDependencies = (
				03B2AFE7257FC0FB002D49BE /* MultipeerHelper */,
			);
			productName = ARNY;
			productReference = 0336AC7E256A50B500951BF9 /* ARNY.app */;
			productType = "com.apple.product-type.application";
		};
/* End PBXNativeTarget section */

/* Begin PBXProject section */
		0336AC76256A50B500951BF9 /* Project object */ = {
			isa = PBXProject;
			attributes = {
				LastSwiftUpdateCheck = 1220;
				LastUpgradeCheck = 1220;
				TargetAttributes = {
					0336AC7D256A50B500951BF9 = {
						CreatedOnToolsVersion = 12.2;
					};
				};
			};
			buildConfigurationList = 0336AC79256A50B500951BF9 /* Build configuration list for PBXProject "ARNY" */;
			compatibilityVersion = "Xcode 9.3";
			developmentRegion = en;
			hasScannedForEncodings = 0;
			knownRegions = (
				en,
				Base,
			);
			mainGroup = 0336AC75256A50B500951BF9;
			packageReferences = (
				03B2AFE6257FC0FB002D49BE /* XCRemoteSwiftPackageReference "MultipeerHelper" */,
			);
			productRefGroup = 0336AC7F256A50B500951BF9 /* Products */;
			projectDirPath = "";
			projectRoot = "";
			targets = (
				0336AC7D256A50B500951BF9 /* ARNY */,
			);
		};
/* End PBXProject section */

/* Begin PBXResourcesBuildPhase section */
		0336AC7C256A50B500951BF9 /* Resources */ = {
			isa = PBXResourcesBuildPhase;
			buildActionMask = 2147483647;
			files = (
				032833AC256FF033000ACAC7 /* checkmask.jpg in Resources */,
				039D2818257AA0E700425709 /* 2010.jpg in Resources */,
				039D2809257A99A200425709 /* 2003.jpg in Resources */,
				036EB61C2570D2A800E12C8E /* dog.jpg in Resources */,
				039D280F257A9ACD00425709 /* 2005.jpeg in Resources */,
				03EA709B257929460017B176 /* 2008.png in Resources */,
				039D2805257A42E100425709 /* 1001T.jpg in Resources */,
				039D2821257AABBA00425709 /* mentals.png in Resources */,
				036EB6242570D2A800E12C8E /* bomb.png in Resources */,
				03E54AC6257BE1430065D950 /* ARNY.png in Resources */,
				036EB6212570D2A800E12C8E /* dream.jpg in Resources */,
				032833B4256FF335000ACAC7 /* non-woven-fabrics.jpg in Resources */,
				0336AC8E256A50B800951BF9 /* LaunchScreen.storyboard in Resources */,
				039D280C257A9A9500425709 /* 2004.png in Resources */,
				039D2834257AD9A500425709 /* surgicalmask.jpg in Resources */,
				036EB61F2570D2A800E12C8E /* apple.png in Resources */,
				039D283D257AD9F500425709 /* 2-2006.jpg in Resources */,
				036EB6222570D2A800E12C8E /* engine2.jpg in Resources */,
				039D2840257AD9F500425709 /* 2-2007.jpg in Resources */,
				039D281B257AA30400425709 /* 2001.jpeg in Resources */,
				0336AC8B256A50B800951BF9 /* Assets.xcassets in Resources */,
				032833A4256FEF86000ACAC7 /* putmask.jpg in Resources */,
				03E54ABD257B99760065D950 /* 1002T.jpg in Resources */,
				032833A5256FEF86000ACAC7 /* washhand.jpg in Resources */,
				036EB6232570D2A800E12C8E /* lock.jpg in Resources */,
				03EA709D257929460017B176 /* 2006.jpg in Resources */,
				039D2829257AB29E00425709 /* 2009.png in Resources */,
				039D2835257AD9A500425709 /* vs.jpg in Resources */,
				039D283F257AD9F500425709 /* 2-2005.jpg in Resources */,
				036EB6202570D2A800E12C8E /* Photography.jpg in Resources */,
				031BB056256C02950048F2C6 /* LessonData.json in Resources */,
				039D2837257AD9A500425709 /* n95.jpg in Resources */,
				03EA709C257929460017B176 /* 2007.jpg in Resources */,
				031BB062256C09D50048F2C6 /* SubjectData.json in Resources */,
				036EB61B2570D2A800E12C8E /* battery.png in Resources */,
				032833A3256FEF86000ACAC7 /* Identifyinside.jpg in Resources */,
				032833A8256FEF86000ACAC7 /* metalstrip.jpg in Resources */,
				032833B3256FF335000ACAC7 /* HowSurgicalMasksareMade.jpg in Resources */,
				036EB6372570D32600E12C8E /* rate.png in Resources */,
				039D2843257AF1E600425709 /* 1000T.jpg in Resources */,
				032833BA256FF5F2000ACAC7 /* types.png in Resources */,
				036EB61D2570D2A800E12C8E /* blue.jpg in Resources */,
				039D2836257AD9A500425709 /* cloth.jpg in Resources */,
				032833A7256FEF86000ACAC7 /* donttouch.jpg in Resources */,
				0336AC89256A50B500951BF9 /* Main.storyboard in Resources */,
				032833A6256FEF86000ACAC7 /* rightmask.jpg in Resources */,
				039D283E257AD9F500425709 /* 2-2008.jpg in Resources */,
				039D2825257AAC1600425709 /* wrong.jpg in Resources */,
				036EB63F2570D42400E12C8E /* engine3.jpg in Resources */,
				036EB61E2570D2A800E12C8E /* Computational.jpg in Resources */,
				036EB64B2570D73D00E12C8E /* engine5.jpg in Resources */,
			);
			runOnlyForDeploymentPostprocessing = 0;
		};
/* End PBXResourcesBuildPhase section */

/* Begin PBXSourcesBuildPhase section */
		0336AC7A256A50B500951BF9 /* Sources */ = {
			isa = PBXSourcesBuildPhase;
			buildActionMask = 2147483647;
			files = (
				0365F0552574D8D90024ECB9 /* Lesson1004.swift in Sources */,
				0385AE3B256BD68000B16056 /* LessonViewController.swift in Sources */,
				03C73D682574DAF700C511C1 /* VirusSimulation.swift in Sources */,
				0336AC84256A50B500951BF9 /* ARViewController.swift in Sources */,
				036EB661257106C400E12C8E /* GradientView.swift in Sources */,
				03E54ABA257AFA570065D950 /* InfoViewController.swift in Sources */,
				039A7623256B9E5F0033E5A7 /* SubjectViewController.swift in Sources */,
				033A0AD32572B0D8001CD0EA /* Lesson1001.swift in Sources */,
				036EB65D2571062800E12C8E /* ARViewController+Gestures.swift in Sources */,
				03D35644256AB415006BD6A7 /* Subject.swift in Sources */,
				039A761B256B89A50033E5A7 /* SketchShadow.swift in Sources */,
				036EB6642571073800E12C8E /* UIView+Helpers.swift in Sources */,
				0385AE41256BF93000B16056 /* ARViewController+ARCoachingOverlayDelegate.swift in Sources */,
				0345576A2572343B0057539B /* Lesson1000.swift in Sources */,
				03D35616256AB024006BD6A7 /* Data.swift in Sources */,
				03D27E24257CC6FA006EBAEB /* Experience8.rcproject in Sources */,
				03D27E2A257CD1BC006EBAEB /* ARNY.rcproject in Sources */,
				036EB651257103A700E12C8E /* StikyNoteEntity.swift in Sources */,
				0345576D257234F90057539B /* ARNYthing.swift in Sources */,
				03D27E27257CD040006EBAEB /* Experience1.rcproject in Sources */,
				039A7618256B86AD0033E5A7 /* TypePageViewContorller.swift in Sources */,
				0336AC82256A50B500951BF9 /* AppDelegate.swift in Sources */,
				036EB67425710AAD00E12C8E /* ARViewController+OverlayUI.swift in Sources */,
				03D3563E256AB33A006BD6A7 /* UserData.swift in Sources */,
				0336AC86256A50B500951BF9 /* Experience.rcproject in Sources */,
				0336AC9A256A5E0300951BF9 /* MainViewController.swift in Sources */,
				033A0ACF2572AF89001CD0EA /* Lesson1002.swift in Sources */,
				039D282E257AB71600425709 /* Experience2.rcproject in Sources */,
				03D3560C256A80D3006BD6A7 /* DiscoverViewController.swift in Sources */,
				03D3564A256AB8D7006BD6A7 /* Lesson.swift in Sources */,
				0365F04F2573EFF10024ECB9 /* Lesson1003.swift in Sources */,
				036EB6582571044000E12C8E /* StickyNoteView.swift in Sources */,
				0385AE3E256BEEA800B16056 /* BasicViewController.swift in Sources */,
				036EB6552571041500E12C8E /* ScreenSpaceComponent.swift in Sources */,
			);
			runOnlyForDeploymentPostprocessing = 0;
		};
/* End PBXSourcesBuildPhase section */

/* Begin PBXVariantGroup section */
		0336AC87256A50B500951BF9 /* Main.storyboard */ = {
			isa = PBXVariantGroup;
			children = (
				0336AC88256A50B500951BF9 /* Base */,
			);
			name = Main.storyboard;
			sourceTree = "<group>";
		};
		0336AC8C256A50B800951BF9 /* LaunchScreen.storyboard */ = {
			isa = PBXVariantGroup;
			children = (
				0336AC8D256A50B800951BF9 /* Base */,
			);
			name = LaunchScreen.storyboard;
			sourceTree = "<group>";
		};
/* End PBXVariantGroup section */

/* Begin XCBuildConfiguration section */
		0336AC90256A50B800951BF9 /* Debug */ = {
			isa = XCBuildConfiguration;
			buildSettings = {
				ALWAYS_SEARCH_USER_PATHS = NO;
				CLANG_ANALYZER_NONNULL = YES;
				CLANG_ANALYZER_NUMBER_OBJECT_CONVERSION = YES_AGGRESSIVE;
				CLANG_CXX_LANGUAGE_STANDARD = "gnu++14";
				CLANG_CXX_LIBRARY = "libc++";
				CLANG_ENABLE_MODULES = YES;
				CLANG_ENABLE_OBJC_ARC = YES;
				CLANG_ENABLE_OBJC_WEAK = YES;
				CLANG_WARN_BLOCK_CAPTURE_AUTORELEASING = YES;
				CLANG_WARN_BOOL_CONVERSION = YES;
				CLANG_WARN_COMMA = YES;
				CLANG_WARN_CONSTANT_CONVERSION = YES;
				CLANG_WARN_DEPRECATED_OBJC_IMPLEMENTATIONS = YES;
				CLANG_WARN_DIRECT_OBJC_ISA_USAGE = YES_ERROR;
				CLANG_WARN_DOCUMENTATION_COMMENTS = YES;
				CLANG_WARN_EMPTY_BODY = YES;
				CLANG_WARN_ENUM_CONVERSION = YES;
				CLANG_WARN_INFINITE_RECURSION = YES;
				CLANG_WARN_INT_CONVERSION = YES;
				CLANG_WARN_NON_LITERAL_NULL_CONVERSION = YES;
				CLANG_WARN_OBJC_IMPLICIT_RETAIN_SELF = YES;
				CLANG_WARN_OBJC_LITERAL_CONVERSION = YES;
				CLANG_WARN_OBJC_ROOT_CLASS = YES_ERROR;
				CLANG_WARN_QUOTED_INCLUDE_IN_FRAMEWORK_HEADER = YES;
				CLANG_WARN_RANGE_LOOP_ANALYSIS = YES;
				CLANG_WARN_STRICT_PROTOTYPES = YES;
				CLANG_WARN_SUSPICIOUS_MOVE = YES;
				CLANG_WARN_UNGUARDED_AVAILABILITY = YES_AGGRESSIVE;
				CLANG_WARN_UNREACHABLE_CODE = YES;
				CLANG_WARN__DUPLICATE_METHOD_MATCH = YES;
				COPY_PHASE_STRIP = NO;
				DEBUG_INFORMATION_FORMAT = dwarf;
				ENABLE_STRICT_OBJC_MSGSEND = YES;
				ENABLE_TESTABILITY = YES;
				GCC_C_LANGUAGE_STANDARD = gnu11;
				GCC_DYNAMIC_NO_PIC = NO;
				GCC_NO_COMMON_BLOCKS = YES;
				GCC_OPTIMIZATION_LEVEL = 0;
				GCC_PREPROCESSOR_DEFINITIONS = (
					"DEBUG=1",
					"$(inherited)",
				);
				GCC_WARN_64_TO_32_BIT_CONVERSION = YES;
				GCC_WARN_ABOUT_RETURN_TYPE = YES_ERROR;
				GCC_WARN_UNDECLARED_SELECTOR = YES;
				GCC_WARN_UNINITIALIZED_AUTOS = YES_AGGRESSIVE;
				GCC_WARN_UNUSED_FUNCTION = YES;
				GCC_WARN_UNUSED_VARIABLE = YES;
				IPHONEOS_DEPLOYMENT_TARGET = 14.2;
				MTL_ENABLE_DEBUG_INFO = INCLUDE_SOURCE;
				MTL_FAST_MATH = YES;
				ONLY_ACTIVE_ARCH = YES;
				SDKROOT = iphoneos;
				SWIFT_ACTIVE_COMPILATION_CONDITIONS = DEBUG;
				SWIFT_OPTIMIZATION_LEVEL = "-Onone";
			};
			name = Debug;
		};
		0336AC91256A50B800951BF9 /* Release */ = {
			isa = XCBuildConfiguration;
			buildSettings = {
				ALWAYS_SEARCH_USER_PATHS = NO;
				CLANG_ANALYZER_NONNULL = YES;
				CLANG_ANALYZER_NUMBER_OBJECT_CONVERSION = YES_AGGRESSIVE;
				CLANG_CXX_LANGUAGE_STANDARD = "gnu++14";
				CLANG_CXX_LIBRARY = "libc++";
				CLANG_ENABLE_MODULES = YES;
				CLANG_ENABLE_OBJC_ARC = YES;
				CLANG_ENABLE_OBJC_WEAK = YES;
				CLANG_WARN_BLOCK_CAPTURE_AUTORELEASING = YES;
				CLANG_WARN_BOOL_CONVERSION = YES;
				CLANG_WARN_COMMA = YES;
				CLANG_WARN_CONSTANT_CONVERSION = YES;
				CLANG_WARN_DEPRECATED_OBJC_IMPLEMENTATIONS = YES;
				CLANG_WARN_DIRECT_OBJC_ISA_USAGE = YES_ERROR;
				CLANG_WARN_DOCUMENTATION_COMMENTS = YES;
				CLANG_WARN_EMPTY_BODY = YES;
				CLANG_WARN_ENUM_CONVERSION = YES;
				CLANG_WARN_INFINITE_RECURSION = YES;
				CLANG_WARN_INT_CONVERSION = YES;
				CLANG_WARN_NON_LITERAL_NULL_CONVERSION = YES;
				CLANG_WARN_OBJC_IMPLICIT_RETAIN_SELF = YES;
				CLANG_WARN_OBJC_LITERAL_CONVERSION = YES;
				CLANG_WARN_OBJC_ROOT_CLASS = YES_ERROR;
				CLANG_WARN_QUOTED_INCLUDE_IN_FRAMEWORK_HEADER = YES;
				CLANG_WARN_RANGE_LOOP_ANALYSIS = YES;
				CLANG_WARN_STRICT_PROTOTYPES = YES;
				CLANG_WARN_SUSPICIOUS_MOVE = YES;
				CLANG_WARN_UNGUARDED_AVAILABILITY = YES_AGGRESSIVE;
				CLANG_WARN_UNREACHABLE_CODE = YES;
				CLANG_WARN__DUPLICATE_METHOD_MATCH = YES;
				COPY_PHASE_STRIP = NO;
				DEBUG_INFORMATION_FORMAT = "dwarf-with-dsym";
				ENABLE_NS_ASSERTIONS = NO;
				ENABLE_STRICT_OBJC_MSGSEND = YES;
				GCC_C_LANGUAGE_STANDARD = gnu11;
				GCC_NO_COMMON_BLOCKS = YES;
				GCC_WARN_64_TO_32_BIT_CONVERSION = YES;
				GCC_WARN_ABOUT_RETURN_TYPE = YES_ERROR;
				GCC_WARN_UNDECLARED_SELECTOR = YES;
				GCC_WARN_UNINITIALIZED_AUTOS = YES_AGGRESSIVE;
				GCC_WARN_UNUSED_FUNCTION = YES;
				GCC_WARN_UNUSED_VARIABLE = YES;
				IPHONEOS_DEPLOYMENT_TARGET = 14.2;
				MTL_ENABLE_DEBUG_INFO = NO;
				MTL_FAST_MATH = YES;
				SDKROOT = iphoneos;
				SWIFT_COMPILATION_MODE = wholemodule;
				SWIFT_OPTIMIZATION_LEVEL = "-O";
				VALIDATE_PRODUCT = YES;
			};
			name = Release;
		};
		0336AC93256A50B800951BF9 /* Debug */ = {
			isa = XCBuildConfiguration;
			buildSettings = {
				ASSETCATALOG_COMPILER_APPICON_NAME = AppIcon;
				ASSETCATALOG_COMPILER_GLOBAL_ACCENT_COLOR_NAME = AccentColor;
				CODE_SIGN_STYLE = Automatic;
				DEVELOPMENT_TEAM = 86TWYCWZ65;
				INFOPLIST_FILE = ARNY/Info.plist;
				IPHONEOS_DEPLOYMENT_TARGET = 14.2;
				LD_RUNPATH_SEARCH_PATHS = (
					"$(inherited)",
					"@executable_path/Frameworks",
				);
				PRODUCT_BUNDLE_IDENTIFIER = com.igloo.ARNY;
				PRODUCT_NAME = "$(TARGET_NAME)";
				SWIFT_VERSION = 5.0;
				TARGETED_DEVICE_FAMILY = "1,2";
			};
			name = Debug;
		};
		0336AC94256A50B800951BF9 /* Release */ = {
			isa = XCBuildConfiguration;
			buildSettings = {
				ASSETCATALOG_COMPILER_APPICON_NAME = AppIcon;
				ASSETCATALOG_COMPILER_GLOBAL_ACCENT_COLOR_NAME = AccentColor;
				CODE_SIGN_STYLE = Automatic;
				DEVELOPMENT_TEAM = 86TWYCWZ65;
				INFOPLIST_FILE = ARNY/Info.plist;
				IPHONEOS_DEPLOYMENT_TARGET = 14.2;
				LD_RUNPATH_SEARCH_PATHS = (
					"$(inherited)",
					"@executable_path/Frameworks",
				);
				PRODUCT_BUNDLE_IDENTIFIER = com.igloo.ARNY;
				PRODUCT_NAME = "$(TARGET_NAME)";
				SWIFT_VERSION = 5.0;
				TARGETED_DEVICE_FAMILY = "1,2";
			};
			name = Release;
		};
/* End XCBuildConfiguration section */

/* Begin XCConfigurationList section */
		0336AC79256A50B500951BF9 /* Build configuration list for PBXProject "ARNY" */ = {
			isa = XCConfigurationList;
			buildConfigurations = (
				0336AC90256A50B800951BF9 /* Debug */,
				0336AC91256A50B800951BF9 /* Release */,
			);
			defaultConfigurationIsVisible = 0;
			defaultConfigurationName = Release;
		};
		0336AC92256A50B800951BF9 /* Build configuration list for PBXNativeTarget "ARNY" */ = {
			isa = XCConfigurationList;
			buildConfigurations = (
				0336AC93256A50B800951BF9 /* Debug */,
				0336AC94256A50B800951BF9 /* Release */,
			);
			defaultConfigurationIsVisible = 0;
			defaultConfigurationName = Release;
		};
/* End XCConfigurationList section */

/* Begin XCRemoteSwiftPackageReference section */
		03B2AFE6257FC0FB002D49BE /* XCRemoteSwiftPackageReference "MultipeerHelper" */ = {
			isa = XCRemoteSwiftPackageReference;
			repositoryURL = "https://github.com/maxxfrazer/MultipeerHelper.git";
			requirement = {
				kind = upToNextMajorVersion;
				minimumVersion = 1.3.1;
			};
		};
/* End XCRemoteSwiftPackageReference section */

/* Begin XCSwiftPackageProductDependency section */
		03B2AFE7257FC0FB002D49BE /* MultipeerHelper */ = {
			isa = XCSwiftPackageProductDependency;
			package = 03B2AFE6257FC0FB002D49BE /* XCRemoteSwiftPackageReference "MultipeerHelper" */;
			productName = MultipeerHelper;
		};
/* End XCSwiftPackageProductDependency section */
	};
	rootObject = 0336AC76256A50B500951BF9 /* Project object */;
}
