// !$*UTF8*$!
{
	archiveVersion = 1;
	classes = {
	};
	objectVersion = 50;
	objects = {

/* Begin PBXBuildFile section */
		031BB056256C02950048F2C6 /* LessonData.json in Resources */ = {isa = PBXBuildFile; fileRef = 031BB055256C02950048F2C6 /* LessonData.json */; };
		031BB062256C09D50048F2C6 /* SubjectData.json in Resources */ = {isa = PBXBuildFile; fileRef = 031BB061256C09D50048F2C6 /* SubjectData.json */; };
		032833A3256FEF86000ACAC7 /* Identifyinside.jpg in Resources */ = {isa = PBXBuildFile; fileRef = 0328339D256FEF85000ACAC7 /* Identifyinside.jpg */; };
		032833A4256FEF86000ACAC7 /* putmask.jpg in Resources */ = {isa = PBXBuildFile; fileRef = 0328339E256FEF85000ACAC7 /* putmask.jpg */; };
		032833A5256FEF86000ACAC7 /* washhand.jpg in Resources */ = {isa = PBXBuildFile; fileRef = 0328339F256FEF86000ACAC7 /* washhand.jpg */; };
		032833A6256FEF86000ACAC7 /* rightmask.jpg in Resources */ = {isa = PBXBuildFile; fileRef = 032833A0256FEF86000ACAC7 /* rightmask.jpg */; };
		032833A7256FEF86000ACAC7 /* donttouch.jpg in Resources */ = {isa = PBXBuildFile; fileRef = 032833A1256FEF86000ACAC7 /* donttouch.jpg */; };
		032833A8256FEF86000ACAC7 /* metalstrip.jpg in Resources */ = {isa = PBXBuildFile; fileRef = 032833A2256FEF86000ACAC7 /* metalstrip.jpg */; };
		032833AC256FF033000ACAC7 /* checkmask.jpg in Resources */ = {isa = PBXBuildFile; fileRef = 032833AB256FF033000ACAC7 /* checkmask.jpg */; };
		032833B3256FF335000ACAC7 /* HowSurgicalMasksareMade.jpg in Resources */ = {isa = PBXBuildFile; fileRef = 032833AF256FF334000ACAC7 /* HowSurgicalMasksareMade.jpg */; };
		032833B4256FF335000ACAC7 /* non-woven-fabrics.jpg in Resources */ = {isa = PBXBuildFile; fileRef = 032833B0256FF334000ACAC7 /* non-woven-fabrics.jpg */; };
		032833B5256FF335000ACAC7 /* multi-layered.jpg in Resources */ = {isa = PBXBuildFile; fileRef = 032833B1256FF334000ACAC7 /* multi-layered.jpg */; };
		032833B6256FF335000ACAC7 /* spun-bond.jpg in Resources */ = {isa = PBXBuildFile; fileRef = 032833B2256FF334000ACAC7 /* spun-bond.jpg */; };
		032833BA256FF5F2000ACAC7 /* types.png in Resources */ = {isa = PBXBuildFile; fileRef = 032833B9256FF5F2000ACAC7 /* types.png */; };
		0336AC82256A50B500951BF9 /* AppDelegate.swift in Sources */ = {isa = PBXBuildFile; fileRef = 0336AC81256A50B500951BF9 /* AppDelegate.swift */; };
		0336AC84256A50B500951BF9 /* ARViewController.swift in Sources */ = {isa = PBXBuildFile; fileRef = 0336AC83256A50B500951BF9 /* ARViewController.swift */; };
		0336AC86256A50B500951BF9 /* Experience.rcproject in Sources */ = {isa = PBXBuildFile; fileRef = 0336AC85256A50B500951BF9 /* Experience.rcproject */; };
		0336AC89256A50B500951BF9 /* Main.storyboard in Resources */ = {isa = PBXBuildFile; fileRef = 0336AC87256A50B500951BF9 /* Main.storyboard */; };
		0336AC8B256A50B800951BF9 /* Assets.xcassets in Resources */ = {isa = PBXBuildFile; fileRef = 0336AC8A256A50B800951BF9 /* Assets.xcassets */; };
		0336AC8E256A50B800951BF9 /* LaunchScreen.storyboard in Resources */ = {isa = PBXBuildFile; fileRef = 0336AC8C256A50B800951BF9 /* LaunchScreen.storyboard */; };
		0336AC9A256A5E0300951BF9 /* MainViewController.swift in Sources */ = {isa = PBXBuildFile; fileRef = 0336AC99256A5E0300951BF9 /* MainViewController.swift */; };
		0385AE35256BAA0100B16056 /* Map.png in Resources */ = {isa = PBXBuildFile; fileRef = 0385AE34256BAA0100B16056 /* Map.png */; };
		0385AE38256BC9A500B16056 /* rate.png in Resources */ = {isa = PBXBuildFile; fileRef = 0385AE37256BC9A500B16056 /* rate.png */; };
		0385AE3B256BD68000B16056 /* LessonViewController.swift in Sources */ = {isa = PBXBuildFile; fileRef = 0385AE3A256BD68000B16056 /* LessonViewController.swift */; };
		0385AE3E256BEEA800B16056 /* BasicViewController.swift in Sources */ = {isa = PBXBuildFile; fileRef = 0385AE3D256BEEA800B16056 /* BasicViewController.swift */; };
		0385AE41256BF93000B16056 /* CoachingOverlay.swift in Sources */ = {isa = PBXBuildFile; fileRef = 0385AE40256BF93000B16056 /* CoachingOverlay.swift */; };
		039A7618256B86AD0033E5A7 /* TypePageViewContorller.swift in Sources */ = {isa = PBXBuildFile; fileRef = 039A7617256B86AD0033E5A7 /* TypePageViewContorller.swift */; };
		039A761B256B89A50033E5A7 /* SketchShadow.swift in Sources */ = {isa = PBXBuildFile; fileRef = 039A761A256B89A50033E5A7 /* SketchShadow.swift */; };
		039A7623256B9E5F0033E5A7 /* SubjectViewController.swift in Sources */ = {isa = PBXBuildFile; fileRef = 039A7622256B9E5F0033E5A7 /* SubjectViewController.swift */; };
		03D3560C256A80D3006BD6A7 /* DiscoverViewController.swift in Sources */ = {isa = PBXBuildFile; fileRef = 03D3560B256A80D3006BD6A7 /* DiscoverViewController.swift */; };
		03D35616256AB024006BD6A7 /* Data.swift in Sources */ = {isa = PBXBuildFile; fileRef = 03D35615256AB024006BD6A7 /* Data.swift */; };
		03D35627256AB064006BD6A7 /* hiddenlake.jpg in Resources */ = {isa = PBXBuildFile; fileRef = 03D35619256AB064006BD6A7 /* hiddenlake.jpg */; };
		03D35628256AB064006BD6A7 /* twinlake.jpg in Resources */ = {isa = PBXBuildFile; fileRef = 03D3561A256AB064006BD6A7 /* twinlake.jpg */; };
		03D35629256AB064006BD6A7 /* turtlerock.jpg in Resources */ = {isa = PBXBuildFile; fileRef = 03D3561B256AB064006BD6A7 /* turtlerock.jpg */; };
		03D3562A256AB064006BD6A7 /* stmarylake.jpg in Resources */ = {isa = PBXBuildFile; fileRef = 03D3561C256AB064006BD6A7 /* stmarylake.jpg */; };
		03D3562C256AB064006BD6A7 /* chincoteague.jpg in Resources */ = {isa = PBXBuildFile; fileRef = 03D3561E256AB064006BD6A7 /* chincoteague.jpg */; };
		03D3562D256AB064006BD6A7 /* charleyrivers.jpg in Resources */ = {isa = PBXBuildFile; fileRef = 03D3561F256AB064006BD6A7 /* charleyrivers.jpg */; };
		03D3562F256AB064006BD6A7 /* rainbowlake.jpg in Resources */ = {isa = PBXBuildFile; fileRef = 03D35621256AB064006BD6A7 /* rainbowlake.jpg */; };
		03D35630256AB064006BD6A7 /* lakemcdonald.jpg in Resources */ = {isa = PBXBuildFile; fileRef = 03D35622256AB064006BD6A7 /* lakemcdonald.jpg */; };
		03D35631256AB064006BD6A7 /* umbagog.jpg in Resources */ = {isa = PBXBuildFile; fileRef = 03D35623256AB064006BD6A7 /* umbagog.jpg */; };
		03D35632256AB064006BD6A7 /* silversalmoncreek.jpg in Resources */ = {isa = PBXBuildFile; fileRef = 03D35624256AB064006BD6A7 /* silversalmoncreek.jpg */; };
		03D35633256AB064006BD6A7 /* icybay.jpg in Resources */ = {isa = PBXBuildFile; fileRef = 03D35625256AB064006BD6A7 /* icybay.jpg */; };
		03D35634256AB064006BD6A7 /* chilkoottrail.jpg in Resources */ = {isa = PBXBuildFile; fileRef = 03D35626256AB064006BD6A7 /* chilkoottrail.jpg */; };
		03D3563E256AB33A006BD6A7 /* UserData.swift in Sources */ = {isa = PBXBuildFile; fileRef = 03D3563D256AB33A006BD6A7 /* UserData.swift */; };
		03D35644256AB415006BD6A7 /* Subject.swift in Sources */ = {isa = PBXBuildFile; fileRef = 03D35643256AB415006BD6A7 /* Subject.swift */; };
		03D3564A256AB8D7006BD6A7 /* Lesson.swift in Sources */ = {isa = PBXBuildFile; fileRef = 03D35649256AB8D7006BD6A7 /* Lesson.swift */; };
/* End PBXBuildFile section */

/* Begin PBXFileReference section */
		031BB055256C02950048F2C6 /* LessonData.json */ = {isa = PBXFileReference; fileEncoding = 4; lastKnownFileType = text.json; path = LessonData.json; sourceTree = "<group>"; };
		031BB061256C09D50048F2C6 /* SubjectData.json */ = {isa = PBXFileReference; fileEncoding = 4; lastKnownFileType = text.json; path = SubjectData.json; sourceTree = "<group>"; };
		0328339D256FEF85000ACAC7 /* Identifyinside.jpg */ = {isa = PBXFileReference; lastKnownFileType = image.jpeg; path = Identifyinside.jpg; sourceTree = "<group>"; };
		0328339E256FEF85000ACAC7 /* putmask.jpg */ = {isa = PBXFileReference; lastKnownFileType = image.jpeg; path = putmask.jpg; sourceTree = "<group>"; };
		0328339F256FEF86000ACAC7 /* washhand.jpg */ = {isa = PBXFileReference; lastKnownFileType = image.jpeg; path = washhand.jpg; sourceTree = "<group>"; };
		032833A0256FEF86000ACAC7 /* rightmask.jpg */ = {isa = PBXFileReference; lastKnownFileType = image.jpeg; path = rightmask.jpg; sourceTree = "<group>"; };
		032833A1256FEF86000ACAC7 /* donttouch.jpg */ = {isa = PBXFileReference; lastKnownFileType = image.jpeg; path = donttouch.jpg; sourceTree = "<group>"; };
		032833A2256FEF86000ACAC7 /* metalstrip.jpg */ = {isa = PBXFileReference; lastKnownFileType = image.jpeg; path = metalstrip.jpg; sourceTree = "<group>"; };
		032833AB256FF033000ACAC7 /* checkmask.jpg */ = {isa = PBXFileReference; lastKnownFileType = image.jpeg; path = checkmask.jpg; sourceTree = "<group>"; };
		032833AF256FF334000ACAC7 /* HowSurgicalMasksareMade.jpg */ = {isa = PBXFileReference; lastKnownFileType = image.jpeg; path = HowSurgicalMasksareMade.jpg; sourceTree = "<group>"; };
		032833B0256FF334000ACAC7 /* non-woven-fabrics.jpg */ = {isa = PBXFileReference; lastKnownFileType = image.jpeg; path = "non-woven-fabrics.jpg"; sourceTree = "<group>"; };
		032833B1256FF334000ACAC7 /* multi-layered.jpg */ = {isa = PBXFileReference; lastKnownFileType = image.jpeg; path = "multi-layered.jpg"; sourceTree = "<group>"; };
		032833B2256FF334000ACAC7 /* spun-bond.jpg */ = {isa = PBXFileReference; lastKnownFileType = image.jpeg; path = "spun-bond.jpg"; sourceTree = "<group>"; };
		032833B9256FF5F2000ACAC7 /* types.png */ = {isa = PBXFileReference; lastKnownFileType = image.png; path = types.png; sourceTree = "<group>"; };
		0336AC7E256A50B500951BF9 /* ARNY.app */ = {isa = PBXFileReference; explicitFileType = wrapper.application; includeInIndex = 0; path = ARNY.app; sourceTree = BUILT_PRODUCTS_DIR; };
		0336AC81256A50B500951BF9 /* AppDelegate.swift */ = {isa = PBXFileReference; lastKnownFileType = sourcecode.swift; path = AppDelegate.swift; sourceTree = "<group>"; };
		0336AC83256A50B500951BF9 /* ARViewController.swift */ = {isa = PBXFileReference; lastKnownFileType = sourcecode.swift; path = ARViewController.swift; sourceTree = "<group>"; };
		0336AC85256A50B500951BF9 /* Experience.rcproject */ = {isa = PBXFileReference; lastKnownFileType = file.rcproject; path = Experience.rcproject; sourceTree = "<group>"; };
		0336AC88256A50B500951BF9 /* Base */ = {isa = PBXFileReference; lastKnownFileType = file.storyboard; name = Base; path = Base.lproj/Main.storyboard; sourceTree = "<group>"; };
		0336AC8A256A50B800951BF9 /* Assets.xcassets */ = {isa = PBXFileReference; lastKnownFileType = folder.assetcatalog; path = Assets.xcassets; sourceTree = "<group>"; };
		0336AC8D256A50B800951BF9 /* Base */ = {isa = PBXFileReference; lastKnownFileType = file.storyboard; name = Base; path = Base.lproj/LaunchScreen.storyboard; sourceTree = "<group>"; };
		0336AC8F256A50B800951BF9 /* Info.plist */ = {isa = PBXFileReference; lastKnownFileType = text.plist.xml; path = Info.plist; sourceTree = "<group>"; };
		0336AC99256A5E0300951BF9 /* MainViewController.swift */ = {isa = PBXFileReference; lastKnownFileType = sourcecode.swift; path = MainViewController.swift; sourceTree = "<group>"; };
		0385AE34256BAA0100B16056 /* Map.png */ = {isa = PBXFileReference; lastKnownFileType = image.png; name = Map.png; path = ../../../Map.png; sourceTree = "<group>"; };
		0385AE37256BC9A500B16056 /* rate.png */ = {isa = PBXFileReference; lastKnownFileType = image.png; name = rate.png; path = ../../../rate.png; sourceTree = "<group>"; };
		0385AE3A256BD68000B16056 /* LessonViewController.swift */ = {isa = PBXFileReference; lastKnownFileType = sourcecode.swift; path = LessonViewController.swift; sourceTree = "<group>"; };
		0385AE3D256BEEA800B16056 /* BasicViewController.swift */ = {isa = PBXFileReference; lastKnownFileType = sourcecode.swift; path = BasicViewController.swift; sourceTree = "<group>"; };
		0385AE40256BF93000B16056 /* CoachingOverlay.swift */ = {isa = PBXFileReference; lastKnownFileType = sourcecode.swift; path = CoachingOverlay.swift; sourceTree = "<group>"; };
		039A7617256B86AD0033E5A7 /* TypePageViewContorller.swift */ = {isa = PBXFileReference; lastKnownFileType = sourcecode.swift; path = TypePageViewContorller.swift; sourceTree = "<group>"; };
		039A761A256B89A50033E5A7 /* SketchShadow.swift */ = {isa = PBXFileReference; lastKnownFileType = sourcecode.swift; path = SketchShadow.swift; sourceTree = "<group>"; };
		039A7622256B9E5F0033E5A7 /* SubjectViewController.swift */ = {isa = PBXFileReference; lastKnownFileType = sourcecode.swift; path = SubjectViewController.swift; sourceTree = "<group>"; };
		03D3560B256A80D3006BD6A7 /* DiscoverViewController.swift */ = {isa = PBXFileReference; lastKnownFileType = sourcecode.swift; path = DiscoverViewController.swift; sourceTree = "<group>"; };
		03D35615256AB024006BD6A7 /* Data.swift */ = {isa = PBXFileReference; lastKnownFileType = sourcecode.swift; path = Data.swift; sourceTree = "<group>"; };
		03D35619256AB064006BD6A7 /* hiddenlake.jpg */ = {isa = PBXFileReference; lastKnownFileType = image.jpeg; path = hiddenlake.jpg; sourceTree = "<group>"; };
		03D3561A256AB064006BD6A7 /* twinlake.jpg */ = {isa = PBXFileReference; lastKnownFileType = image.jpeg; path = twinlake.jpg; sourceTree = "<group>"; };
		03D3561B256AB064006BD6A7 /* turtlerock.jpg */ = {isa = PBXFileReference; lastKnownFileType = image.jpeg; path = turtlerock.jpg; sourceTree = "<group>"; };
		03D3561C256AB064006BD6A7 /* stmarylake.jpg */ = {isa = PBXFileReference; lastKnownFileType = image.jpeg; path = stmarylake.jpg; sourceTree = "<group>"; };
		03D3561E256AB064006BD6A7 /* chincoteague.jpg */ = {isa = PBXFileReference; lastKnownFileType = image.jpeg; path = chincoteague.jpg; sourceTree = "<group>"; };
		03D3561F256AB064006BD6A7 /* charleyrivers.jpg */ = {isa = PBXFileReference; lastKnownFileType = image.jpeg; path = charleyrivers.jpg; sourceTree = "<group>"; };
		03D35621256AB064006BD6A7 /* rainbowlake.jpg */ = {isa = PBXFileReference; lastKnownFileType = image.jpeg; path = rainbowlake.jpg; sourceTree = "<group>"; };
		03D35622256AB064006BD6A7 /* lakemcdonald.jpg */ = {isa = PBXFileReference; lastKnownFileType = image.jpeg; path = lakemcdonald.jpg; sourceTree = "<group>"; };
		03D35623256AB064006BD6A7 /* umbagog.jpg */ = {isa = PBXFileReference; lastKnownFileType = image.jpeg; path = umbagog.jpg; sourceTree = "<group>"; };
		03D35624256AB064006BD6A7 /* silversalmoncreek.jpg */ = {isa = PBXFileReference; lastKnownFileType = image.jpeg; path = silversalmoncreek.jpg; sourceTree = "<group>"; };
		03D35625256AB064006BD6A7 /* icybay.jpg */ = {isa = PBXFileReference; lastKnownFileType = image.jpeg; path = icybay.jpg; sourceTree = "<group>"; };
		03D35626256AB064006BD6A7 /* chilkoottrail.jpg */ = {isa = PBXFileReference; lastKnownFileType = image.jpeg; path = chilkoottrail.jpg; sourceTree = "<group>"; };
		03D3563D256AB33A006BD6A7 /* UserData.swift */ = {isa = PBXFileReference; lastKnownFileType = sourcecode.swift; path = UserData.swift; sourceTree = "<group>"; };
		03D35643256AB415006BD6A7 /* Subject.swift */ = {isa = PBXFileReference; lastKnownFileType = sourcecode.swift; path = Subject.swift; sourceTree = "<group>"; };
		03D35649256AB8D7006BD6A7 /* Lesson.swift */ = {isa = PBXFileReference; lastKnownFileType = sourcecode.swift; path = Lesson.swift; sourceTree = "<group>"; };
/* End PBXFileReference section */

/* Begin PBXFrameworksBuildPhase section */
		0336AC7B256A50B500951BF9 /* Frameworks */ = {
			isa = PBXFrameworksBuildPhase;
			buildActionMask = 2147483647;
			files = (
			);
			runOnlyForDeploymentPostprocessing = 0;
		};
/* End PBXFrameworksBuildPhase section */

/* Begin PBXGroup section */
		0328339C256FEF7C000ACAC7 /* 1000 */ = {
			isa = PBXGroup;
			children = (
				032833A1256FEF86000ACAC7 /* donttouch.jpg */,
				0328339D256FEF85000ACAC7 /* Identifyinside.jpg */,
				032833AB256FF033000ACAC7 /* checkmask.jpg */,
				032833A2256FEF86000ACAC7 /* metalstrip.jpg */,
				0328339E256FEF85000ACAC7 /* putmask.jpg */,
				032833A0256FEF86000ACAC7 /* rightmask.jpg */,
				0328339F256FEF86000ACAC7 /* washhand.jpg */,
			);
			path = 1000;
			sourceTree = "<group>";
		};
		032833AE256FF32A000ACAC7 /* 1001 */ = {
			isa = PBXGroup;
			children = (
				032833AF256FF334000ACAC7 /* HowSurgicalMasksareMade.jpg */,
				032833B1256FF334000ACAC7 /* multi-layered.jpg */,
				032833B0256FF334000ACAC7 /* non-woven-fabrics.jpg */,
				032833B2256FF334000ACAC7 /* spun-bond.jpg */,
			);
			path = 1001;
			sourceTree = "<group>";
		};
		032833B8256FF5E8000ACAC7 /* 1002 */ = {
			isa = PBXGroup;
			children = (
				032833B9256FF5F2000ACAC7 /* types.png */,
			);
			path = 1002;
			sourceTree = "<group>";
		};
		032833BC256FF6BD000ACAC7 /* 1003 */ = {
			isa = PBXGroup;
			children = (
			);
			path = 1003;
			sourceTree = "<group>";
		};
		032833BE256FF8AA000ACAC7 /* 1004 */ = {
			isa = PBXGroup;
			children = (
			);
			path = 1004;
			sourceTree = "<group>";
		};
		0336AC75256A50B500951BF9 = {
			isa = PBXGroup;
			children = (
				0336AC80256A50B500951BF9 /* ARNY */,
				0336AC7F256A50B500951BF9 /* Products */,
			);
			sourceTree = "<group>";
		};
		0336AC7F256A50B500951BF9 /* Products */ = {
			isa = PBXGroup;
			children = (
				0336AC7E256A50B500951BF9 /* ARNY.app */,
			);
			name = Products;
			sourceTree = "<group>";
		};
		0336AC80256A50B500951BF9 /* ARNY */ = {
			isa = PBXGroup;
			children = (
				03D35618256AB045006BD6A7 /* Resources */,
				03D35614256AB00D006BD6A7 /* Models */,
				0336AC85256A50B500951BF9 /* Experience.rcproject */,
				0336AC87256A50B500951BF9 /* Main.storyboard */,
				0336AC9C256A5EDE00951BF9 /* ViewController */,
				0336AC8A256A50B800951BF9 /* Assets.xcassets */,
				0336AC8C256A50B800951BF9 /* LaunchScreen.storyboard */,
				0336AC8F256A50B800951BF9 /* Info.plist */,
			);
			path = ARNY;
			sourceTree = "<group>";
		};
		0336AC9C256A5EDE00951BF9 /* ViewController */ = {
			isa = PBXGroup;
			children = (
				0336AC81256A50B500951BF9 /* AppDelegate.swift */,
				039A761A256B89A50033E5A7 /* SketchShadow.swift */,
				0336AC99256A5E0300951BF9 /* MainViewController.swift */,
				03D3560B256A80D3006BD6A7 /* DiscoverViewController.swift */,
				039A7617256B86AD0033E5A7 /* TypePageViewContorller.swift */,
				039A7622256B9E5F0033E5A7 /* SubjectViewController.swift */,
				0385AE3A256BD68000B16056 /* LessonViewController.swift */,
				0336AC83256A50B500951BF9 /* ARViewController.swift */,
				0385AE3D256BEEA800B16056 /* BasicViewController.swift */,
				0385AE40256BF93000B16056 /* CoachingOverlay.swift */,
			);
			path = ViewController;
			sourceTree = "<group>";
		};
		03D35614256AB00D006BD6A7 /* Models */ = {
			isa = PBXGroup;
			children = (
				03D35615256AB024006BD6A7 /* Data.swift */,
				03D3563D256AB33A006BD6A7 /* UserData.swift */,
				03D35643256AB415006BD6A7 /* Subject.swift */,
				03D35649256AB8D7006BD6A7 /* Lesson.swift */,
			);
			path = Models;
			sourceTree = "<group>";
		};
		03D35618256AB045006BD6A7 /* Resources */ = {
			isa = PBXGroup;
			children = (
				032833BE256FF8AA000ACAC7 /* 1004 */,
				032833BC256FF6BD000ACAC7 /* 1003 */,
				032833B8256FF5E8000ACAC7 /* 1002 */,
				032833AE256FF32A000ACAC7 /* 1001 */,
				0328339C256FEF7C000ACAC7 /* 1000 */,
				03D3561F256AB064006BD6A7 /* charleyrivers.jpg */,
				03D35626256AB064006BD6A7 /* chilkoottrail.jpg */,
				03D3561E256AB064006BD6A7 /* chincoteague.jpg */,
				03D35619256AB064006BD6A7 /* hiddenlake.jpg */,
				0385AE37256BC9A500B16056 /* rate.png */,
				03D35625256AB064006BD6A7 /* icybay.jpg */,
				03D35622256AB064006BD6A7 /* lakemcdonald.jpg */,
				0385AE34256BAA0100B16056 /* Map.png */,
				03D35621256AB064006BD6A7 /* rainbowlake.jpg */,
				031BB055256C02950048F2C6 /* LessonData.json */,
				031BB061256C09D50048F2C6 /* SubjectData.json */,
				03D35624256AB064006BD6A7 /* silversalmoncreek.jpg */,
				03D3561C256AB064006BD6A7 /* stmarylake.jpg */,
				03D3561B256AB064006BD6A7 /* turtlerock.jpg */,
				03D3561A256AB064006BD6A7 /* twinlake.jpg */,
				03D35623256AB064006BD6A7 /* umbagog.jpg */,
			);
			path = Resources;
			sourceTree = "<group>";
		};
/* End PBXGroup section */

/* Begin PBXNativeTarget section */
		0336AC7D256A50B500951BF9 /* ARNY */ = {
			isa = PBXNativeTarget;
			buildConfigurationList = 0336AC92256A50B800951BF9 /* Build configuration list for PBXNativeTarget "ARNY" */;
			buildPhases = (
				0336AC7A256A50B500951BF9 /* Sources */,
				0336AC7B256A50B500951BF9 /* Frameworks */,
				0336AC7C256A50B500951BF9 /* Resources */,
			);
			buildRules = (
			);
			dependencies = (
			);
			name = ARNY;
			productName = ARNY;
			productReference = 0336AC7E256A50B500951BF9 /* ARNY.app */;
			productType = "com.apple.product-type.application";
		};
/* End PBXNativeTarget section */

/* Begin PBXProject section */
		0336AC76256A50B500951BF9 /* Project object */ = {
			isa = PBXProject;
			attributes = {
				LastSwiftUpdateCheck = 1220;
				LastUpgradeCheck = 1220;
				TargetAttributes = {
					0336AC7D256A50B500951BF9 = {
						CreatedOnToolsVersion = 12.2;
					};
				};
			};
			buildConfigurationList = 0336AC79256A50B500951BF9 /* Build configuration list for PBXProject "ARNY" */;
			compatibilityVersion = "Xcode 9.3";
			developmentRegion = en;
			hasScannedForEncodings = 0;
			knownRegions = (
				en,
				Base,
			);
			mainGroup = 0336AC75256A50B500951BF9;
			productRefGroup = 0336AC7F256A50B500951BF9 /* Products */;
			projectDirPath = "";
			projectRoot = "";
			targets = (
				0336AC7D256A50B500951BF9 /* ARNY */,
			);
		};
/* End PBXProject section */

/* Begin PBXResourcesBuildPhase section */
		0336AC7C256A50B500951BF9 /* Resources */ = {
			isa = PBXResourcesBuildPhase;
			buildActionMask = 2147483647;
			files = (
				032833AC256FF033000ACAC7 /* checkmask.jpg in Resources */,
				03D35632256AB064006BD6A7 /* silversalmoncreek.jpg in Resources */,
				032833B4256FF335000ACAC7 /* non-woven-fabrics.jpg in Resources */,
				0336AC8E256A50B800951BF9 /* LaunchScreen.storyboard in Resources */,
				03D3562F256AB064006BD6A7 /* rainbowlake.jpg in Resources */,
				03D35631256AB064006BD6A7 /* umbagog.jpg in Resources */,
				03D35628256AB064006BD6A7 /* twinlake.jpg in Resources */,
				03D35630256AB064006BD6A7 /* lakemcdonald.jpg in Resources */,
				03D35629256AB064006BD6A7 /* turtlerock.jpg in Resources */,
				03D3562C256AB064006BD6A7 /* chincoteague.jpg in Resources */,
				0336AC8B256A50B800951BF9 /* Assets.xcassets in Resources */,
				03D3562D256AB064006BD6A7 /* charleyrivers.jpg in Resources */,
				032833A4256FEF86000ACAC7 /* putmask.jpg in Resources */,
				032833A5256FEF86000ACAC7 /* washhand.jpg in Resources */,
				032833B6256FF335000ACAC7 /* spun-bond.jpg in Resources */,
				03D35633256AB064006BD6A7 /* icybay.jpg in Resources */,
				0385AE38256BC9A500B16056 /* rate.png in Resources */,
				031BB056256C02950048F2C6 /* LessonData.json in Resources */,
				031BB062256C09D50048F2C6 /* SubjectData.json in Resources */,
				032833A3256FEF86000ACAC7 /* Identifyinside.jpg in Resources */,
				032833A8256FEF86000ACAC7 /* metalstrip.jpg in Resources */,
				032833B3256FF335000ACAC7 /* HowSurgicalMasksareMade.jpg in Resources */,
				032833BA256FF5F2000ACAC7 /* types.png in Resources */,
				0385AE35256BAA0100B16056 /* Map.png in Resources */,
				03D35634256AB064006BD6A7 /* chilkoottrail.jpg in Resources */,
				03D35627256AB064006BD6A7 /* hiddenlake.jpg in Resources */,
				032833A7256FEF86000ACAC7 /* donttouch.jpg in Resources */,
				0336AC89256A50B500951BF9 /* Main.storyboard in Resources */,
				032833A6256FEF86000ACAC7 /* rightmask.jpg in Resources */,
				032833B5256FF335000ACAC7 /* multi-layered.jpg in Resources */,
				03D3562A256AB064006BD6A7 /* stmarylake.jpg in Resources */,
			);
			runOnlyForDeploymentPostprocessing = 0;
		};
/* End PBXResourcesBuildPhase section */

/* Begin PBXSourcesBuildPhase section */
		0336AC7A256A50B500951BF9 /* Sources */ = {
			isa = PBXSourcesBuildPhase;
			buildActionMask = 2147483647;
			files = (
				0385AE3B256BD68000B16056 /* LessonViewController.swift in Sources */,
				0336AC84256A50B500951BF9 /* ARViewController.swift in Sources */,
				039A7623256B9E5F0033E5A7 /* SubjectViewController.swift in Sources */,
				03D35644256AB415006BD6A7 /* Subject.swift in Sources */,
				039A761B256B89A50033E5A7 /* SketchShadow.swift in Sources */,
				0385AE41256BF93000B16056 /* CoachingOverlay.swift in Sources */,
				03D35616256AB024006BD6A7 /* Data.swift in Sources */,
				039A7618256B86AD0033E5A7 /* TypePageViewContorller.swift in Sources */,
				0336AC82256A50B500951BF9 /* AppDelegate.swift in Sources */,
				03D3563E256AB33A006BD6A7 /* UserData.swift in Sources */,
				0336AC86256A50B500951BF9 /* Experience.rcproject in Sources */,
				0336AC9A256A5E0300951BF9 /* MainViewController.swift in Sources */,
				03D3560C256A80D3006BD6A7 /* DiscoverViewController.swift in Sources */,
				03D3564A256AB8D7006BD6A7 /* Lesson.swift in Sources */,
				0385AE3E256BEEA800B16056 /* BasicViewController.swift in Sources */,
			);
			runOnlyForDeploymentPostprocessing = 0;
		};
/* End PBXSourcesBuildPhase section */

/* Begin PBXVariantGroup section */
		0336AC87256A50B500951BF9 /* Main.storyboard */ = {
			isa = PBXVariantGroup;
			children = (
				0336AC88256A50B500951BF9 /* Base */,
			);
			name = Main.storyboard;
			sourceTree = "<group>";
		};
		0336AC8C256A50B800951BF9 /* LaunchScreen.storyboard */ = {
			isa = PBXVariantGroup;
			children = (
				0336AC8D256A50B800951BF9 /* Base */,
			);
			name = LaunchScreen.storyboard;
			sourceTree = "<group>";
		};
/* End PBXVariantGroup section */

/* Begin XCBuildConfiguration section */
		0336AC90256A50B800951BF9 /* Debug */ = {
			isa = XCBuildConfiguration;
			buildSettings = {
				ALWAYS_SEARCH_USER_PATHS = NO;
				CLANG_ANALYZER_NONNULL = YES;
				CLANG_ANALYZER_NUMBER_OBJECT_CONVERSION = YES_AGGRESSIVE;
				CLANG_CXX_LANGUAGE_STANDARD = "gnu++14";
				CLANG_CXX_LIBRARY = "libc++";
				CLANG_ENABLE_MODULES = YES;
				CLANG_ENABLE_OBJC_ARC = YES;
				CLANG_ENABLE_OBJC_WEAK = YES;
				CLANG_WARN_BLOCK_CAPTURE_AUTORELEASING = YES;
				CLANG_WARN_BOOL_CONVERSION = YES;
				CLANG_WARN_COMMA = YES;
				CLANG_WARN_CONSTANT_CONVERSION = YES;
				CLANG_WARN_DEPRECATED_OBJC_IMPLEMENTATIONS = YES;
				CLANG_WARN_DIRECT_OBJC_ISA_USAGE = YES_ERROR;
				CLANG_WARN_DOCUMENTATION_COMMENTS = YES;
				CLANG_WARN_EMPTY_BODY = YES;
				CLANG_WARN_ENUM_CONVERSION = YES;
				CLANG_WARN_INFINITE_RECURSION = YES;
				CLANG_WARN_INT_CONVERSION = YES;
				CLANG_WARN_NON_LITERAL_NULL_CONVERSION = YES;
				CLANG_WARN_OBJC_IMPLICIT_RETAIN_SELF = YES;
				CLANG_WARN_OBJC_LITERAL_CONVERSION = YES;
				CLANG_WARN_OBJC_ROOT_CLASS = YES_ERROR;
				CLANG_WARN_QUOTED_INCLUDE_IN_FRAMEWORK_HEADER = YES;
				CLANG_WARN_RANGE_LOOP_ANALYSIS = YES;
				CLANG_WARN_STRICT_PROTOTYPES = YES;
				CLANG_WARN_SUSPICIOUS_MOVE = YES;
				CLANG_WARN_UNGUARDED_AVAILABILITY = YES_AGGRESSIVE;
				CLANG_WARN_UNREACHABLE_CODE = YES;
				CLANG_WARN__DUPLICATE_METHOD_MATCH = YES;
				COPY_PHASE_STRIP = NO;
				DEBUG_INFORMATION_FORMAT = dwarf;
				ENABLE_STRICT_OBJC_MSGSEND = YES;
				ENABLE_TESTABILITY = YES;
				GCC_C_LANGUAGE_STANDARD = gnu11;
				GCC_DYNAMIC_NO_PIC = NO;
				GCC_NO_COMMON_BLOCKS = YES;
				GCC_OPTIMIZATION_LEVEL = 0;
				GCC_PREPROCESSOR_DEFINITIONS = (
					"DEBUG=1",
					"$(inherited)",
				);
				GCC_WARN_64_TO_32_BIT_CONVERSION = YES;
				GCC_WARN_ABOUT_RETURN_TYPE = YES_ERROR;
				GCC_WARN_UNDECLARED_SELECTOR = YES;
				GCC_WARN_UNINITIALIZED_AUTOS = YES_AGGRESSIVE;
				GCC_WARN_UNUSED_FUNCTION = YES;
				GCC_WARN_UNUSED_VARIABLE = YES;
				IPHONEOS_DEPLOYMENT_TARGET = 14.2;
				MTL_ENABLE_DEBUG_INFO = INCLUDE_SOURCE;
				MTL_FAST_MATH = YES;
				ONLY_ACTIVE_ARCH = YES;
				SDKROOT = iphoneos;
				SWIFT_ACTIVE_COMPILATION_CONDITIONS = DEBUG;
				SWIFT_OPTIMIZATION_LEVEL = "-Onone";
			};
			name = Debug;
		};
		0336AC91256A50B800951BF9 /* Release */ = {
			isa = XCBuildConfiguration;
			buildSettings = {
				ALWAYS_SEARCH_USER_PATHS = NO;
				CLANG_ANALYZER_NONNULL = YES;
				CLANG_ANALYZER_NUMBER_OBJECT_CONVERSION = YES_AGGRESSIVE;
				CLANG_CXX_LANGUAGE_STANDARD = "gnu++14";
				CLANG_CXX_LIBRARY = "libc++";
				CLANG_ENABLE_MODULES = YES;
				CLANG_ENABLE_OBJC_ARC = YES;
				CLANG_ENABLE_OBJC_WEAK = YES;
				CLANG_WARN_BLOCK_CAPTURE_AUTORELEASING = YES;
				CLANG_WARN_BOOL_CONVERSION = YES;
				CLANG_WARN_COMMA = YES;
				CLANG_WARN_CONSTANT_CONVERSION = YES;
				CLANG_WARN_DEPRECATED_OBJC_IMPLEMENTATIONS = YES;
				CLANG_WARN_DIRECT_OBJC_ISA_USAGE = YES_ERROR;
				CLANG_WARN_DOCUMENTATION_COMMENTS = YES;
				CLANG_WARN_EMPTY_BODY = YES;
				CLANG_WARN_ENUM_CONVERSION = YES;
				CLANG_WARN_INFINITE_RECURSION = YES;
				CLANG_WARN_INT_CONVERSION = YES;
				CLANG_WARN_NON_LITERAL_NULL_CONVERSION = YES;
				CLANG_WARN_OBJC_IMPLICIT_RETAIN_SELF = YES;
				CLANG_WARN_OBJC_LITERAL_CONVERSION = YES;
				CLANG_WARN_OBJC_ROOT_CLASS = YES_ERROR;
				CLANG_WARN_QUOTED_INCLUDE_IN_FRAMEWORK_HEADER = YES;
				CLANG_WARN_RANGE_LOOP_ANALYSIS = YES;
				CLANG_WARN_STRICT_PROTOTYPES = YES;
				CLANG_WARN_SUSPICIOUS_MOVE = YES;
				CLANG_WARN_UNGUARDED_AVAILABILITY = YES_AGGRESSIVE;
				CLANG_WARN_UNREACHABLE_CODE = YES;
				CLANG_WARN__DUPLICATE_METHOD_MATCH = YES;
				COPY_PHASE_STRIP = NO;
				DEBUG_INFORMATION_FORMAT = "dwarf-with-dsym";
				ENABLE_NS_ASSERTIONS = NO;
				ENABLE_STRICT_OBJC_MSGSEND = YES;
				GCC_C_LANGUAGE_STANDARD = gnu11;
				GCC_NO_COMMON_BLOCKS = YES;
				GCC_WARN_64_TO_32_BIT_CONVERSION = YES;
				GCC_WARN_ABOUT_RETURN_TYPE = YES_ERROR;
				GCC_WARN_UNDECLARED_SELECTOR = YES;
				GCC_WARN_UNINITIALIZED_AUTOS = YES_AGGRESSIVE;
				GCC_WARN_UNUSED_FUNCTION = YES;
				GCC_WARN_UNUSED_VARIABLE = YES;
				IPHONEOS_DEPLOYMENT_TARGET = 14.2;
				MTL_ENABLE_DEBUG_INFO = NO;
				MTL_FAST_MATH = YES;
				SDKROOT = iphoneos;
				SWIFT_COMPILATION_MODE = wholemodule;
				SWIFT_OPTIMIZATION_LEVEL = "-O";
				VALIDATE_PRODUCT = YES;
			};
			name = Release;
		};
		0336AC93256A50B800951BF9 /* Debug */ = {
			isa = XCBuildConfiguration;
			buildSettings = {
				ASSETCATALOG_COMPILER_APPICON_NAME = AppIcon;
				ASSETCATALOG_COMPILER_GLOBAL_ACCENT_COLOR_NAME = AccentColor;
				CODE_SIGN_STYLE = Automatic;
				DEVELOPMENT_TEAM = 86TWYCWZ65;
				INFOPLIST_FILE = ARNY/Info.plist;
				LD_RUNPATH_SEARCH_PATHS = (
					"$(inherited)",
					"@executable_path/Frameworks",
				);
				PRODUCT_BUNDLE_IDENTIFIER = com.igloo.ARNY;
				PRODUCT_NAME = "$(TARGET_NAME)";
				SWIFT_VERSION = 5.0;
				TARGETED_DEVICE_FAMILY = "1,2";
			};
			name = Debug;
		};
		0336AC94256A50B800951BF9 /* Release */ = {
			isa = XCBuildConfiguration;
			buildSettings = {
				ASSETCATALOG_COMPILER_APPICON_NAME = AppIcon;
				ASSETCATALOG_COMPILER_GLOBAL_ACCENT_COLOR_NAME = AccentColor;
				CODE_SIGN_STYLE = Automatic;
				DEVELOPMENT_TEAM = 86TWYCWZ65;
				INFOPLIST_FILE = ARNY/Info.plist;
				LD_RUNPATH_SEARCH_PATHS = (
					"$(inherited)",
					"@executable_path/Frameworks",
				);
				PRODUCT_BUNDLE_IDENTIFIER = com.igloo.ARNY;
				PRODUCT_NAME = "$(TARGET_NAME)";
				SWIFT_VERSION = 5.0;
				TARGETED_DEVICE_FAMILY = "1,2";
			};
			name = Release;
		};
/* End XCBuildConfiguration section */

/* Begin XCConfigurationList section */
		0336AC79256A50B500951BF9 /* Build configuration list for PBXProject "ARNY" */ = {
			isa = XCConfigurationList;
			buildConfigurations = (
				0336AC90256A50B800951BF9 /* Debug */,
				0336AC91256A50B800951BF9 /* Release */,
			);
			defaultConfigurationIsVisible = 0;
			defaultConfigurationName = Release;
		};
		0336AC92256A50B800951BF9 /* Build configuration list for PBXNativeTarget "ARNY" */ = {
			isa = XCConfigurationList;
			buildConfigurations = (
				0336AC93256A50B800951BF9 /* Debug */,
				0336AC94256A50B800951BF9 /* Release */,
			);
			defaultConfigurationIsVisible = 0;
			defaultConfigurationName = Release;
		};
/* End XCConfigurationList section */
	};
	rootObject = 0336AC76256A50B500951BF9 /* Project object */;
}
